Microsoft Visual Studio Solution File, Format Version 12.00
# Visual Studio Version 16
VisualStudioVersion = 16.0.29306.81
MinimumVisualStudioVersion = 10.0.40219.1
Project("{9A19103F-16F7-4668-BE54-9A1E7A4F7556}") = "Olive", "Olive\Olive.csproj", "{EF844D85-7C45-4725-B033-DBC6111C5F7F}"
EndProject
Project("{9A19103F-16F7-4668-BE54-9A1E7A4F7556}") = "Olive.Entities", "Olive.Entities\Olive.Entities.csproj", "{81D870C8-EA2A-46DA-A936-0D4D520B2C32}"
EndProject
Project("{9A19103F-16F7-4668-BE54-9A1E7A4F7556}") = "Olive.Entities.Data", "Olive.Entities.Data\Olive.Entities.Data.csproj", "{35B19C59-D221-47AF-AAC6-F9CEB0953FFB}"
EndProject
Project("{9A19103F-16F7-4668-BE54-9A1E7A4F7556}") = "Olive.Web", "Olive.Web\Olive.Web.csproj", "{EA922ABB-FF72-4C92-B5BE-C4FEAF5AC168}"
EndProject
Project("{9A19103F-16F7-4668-BE54-9A1E7A4F7556}") = "Olive.Compression", "Olive.Compression\Olive.Compression.csproj", "{AB221943-A14F-4817-BAA6-A6829841EA51}"
EndProject
Project("{9A19103F-16F7-4668-BE54-9A1E7A4F7556}") = "Olive.Csv", "Olive.CSV\Olive.Csv.csproj", "{50ABA031-EAD6-4554-AC73-8BCA56C637B2}"
EndProject
Project("{9A19103F-16F7-4668-BE54-9A1E7A4F7556}") = "Olive.GeoLocation", "Olive.GeoLocation\Olive.GeoLocation.csproj", "{253531A7-A460-4D61-9A85-A3E29B33AA94}"
EndProject
Project("{9A19103F-16F7-4668-BE54-9A1E7A4F7556}") = "Olive.Globalization", "Olive.Globalization\Olive.Globalization.csproj", "{5EE54E7F-07C7-4966-9EFA-5E2252206B77}"
EndProject
Project("{9A19103F-16F7-4668-BE54-9A1E7A4F7556}") = "Olive.PDF", "Olive.PDF\Olive.PDF.csproj", "{5B7D4B8F-66B2-4A74-A42F-37298CF1878F}"
EndProject
Project("{9A19103F-16F7-4668-BE54-9A1E7A4F7556}") = "Olive.SMS", "Olive.SMS\Olive.SMS.csproj", "{2CCA47DA-038F-4C63-8E7F-9F4A9296BB44}"
EndProject
Project("{9A19103F-16F7-4668-BE54-9A1E7A4F7556}") = "Olive.Drawing", "Olive.Drawing\Olive.Drawing.csproj", "{55390C42-F8DE-4089-B079-74E18714236D}"
EndProject
Project("{9A19103F-16F7-4668-BE54-9A1E7A4F7556}") = "Olive.Mvc.IpFilter", "Olive.Mvc.IpFilter\Olive.Mvc.IpFilter.csproj", "{816FFC81-38E0-442C-8236-742551AC8AFC}"
EndProject
Project("{9A19103F-16F7-4668-BE54-9A1E7A4F7556}") = "Olive.Security.Impersonation", "Olive.Security.Impersonation\Olive.Security.Impersonation.csproj", "{E66479DB-792B-4A2F-AA03-DEAAB128CE94}"
EndProject
Project("{9A19103F-16F7-4668-BE54-9A1E7A4F7556}") = "Olive.Mvc.Testing", "Olive.Mvc.Testing\Olive.Mvc.Testing.csproj", "{4C446033-19E3-4D88-B4A2-AE2D5190AF41}"
EndProject
Project("{9A19103F-16F7-4668-BE54-9A1E7A4F7556}") = "Olive.Mvc", "Olive.Mvc\Olive.Mvc.csproj", "{08ADF968-0FFF-4E3C-88EC-E04E2FA94D13}"
EndProject
Project("{9A19103F-16F7-4668-BE54-9A1E7A4F7556}") = "Mvc.RemovalCandidates", "--RemovalCandidates\Mvc.RemovalCandidates.csproj", "{D6CB3117-1CB6-4263-AE89-37483A0379B9}"
EndProject
Project("{9A19103F-16F7-4668-BE54-9A1E7A4F7556}") = "Olive.Entities.Data.SqlServer", "Olive.Entities.Data.SqlServer\Olive.Entities.Data.SqlServer.csproj", "{8BE6BB58-FFF0-4057-9027-94CF7B96A0E3}"
EndProject
Project("{9A19103F-16F7-4668-BE54-9A1E7A4F7556}") = "Olive.Entities.Data.MySql", "Olive.Entities.Data.MySql\Olive.Entities.Data.MySql.csproj", "{8614E659-EA39-4D64-B014-A4ED525EE045}"
EndProject
Project("{9A19103F-16F7-4668-BE54-9A1E7A4F7556}") = "Olive.Entities.Data.PostgreSQL", "Olive.Entities.Data.PostgreSQL\Olive.Entities.Data.PostgreSQL.csproj", "{33375385-4384-4BBF-9955-B2927FB1AA74}"
EndProject
Project("{2150E333-8FDC-42A3-9474-1A3956D46DE8}") = "Utils", "Utils", "{E51A8EF6-624C-45C9-AC5C-6DE92BF1825D}"
EndProject
Project("{9A19103F-16F7-4668-BE54-9A1E7A4F7556}") = "Olive.BlobAws", "Olive.Blob.Aws\Olive.BlobAws.csproj", "{52AF0D90-E65E-450C-877B-95B831B35694}"
EndProject
Project("{9A19103F-16F7-4668-BE54-9A1E7A4F7556}") = "Olive.Entities.Data.SQLite", "Olive.Entities.Data.SQLite\Olive.Entities.Data.SQLite.csproj", "{EE70F844-B284-42D1-8565-45B153727A1B}"
EndProject
Project("{9A19103F-16F7-4668-BE54-9A1E7A4F7556}") = "Olive.PushNotification", "Olive.PushNotification\Olive.PushNotification.csproj", "{7FF67EEC-A5F7-46C3-BE96-0CF1A76706B6}"
EndProject
Project("{9A19103F-16F7-4668-BE54-9A1E7A4F7556}") = "Olive.Mvc.Security", "Olive.Security\Olive.Mvc.Security.csproj", "{2A273AE2-5D6A-491A-809B-71764F35281E}"
EndProject
Project("{9A19103F-16F7-4668-BE54-9A1E7A4F7556}") = "Olive.Security.Auth0", "Olive.Mvc.Security.Auth0\Olive.Security.Auth0.csproj", "{0019E42E-F830-439C-9911-DF36142BACB0}"
EndProject
Project("{9A19103F-16F7-4668-BE54-9A1E7A4F7556}") = "Olive.ApiClient", "Olive.ApiClient\Olive.ApiClient.csproj", "{3CFA0862-652F-493B-B06F-6873A0B52271}"
EndProject
Project("{9A19103F-16F7-4668-BE54-9A1E7A4F7556}") = "Olive.Hangfire", "Olive.Hangfire\Olive.Hangfire.csproj", "{77A2DD2F-8249-4140-B9D4-7F80FECAB405}"
EndProject
Project("{9A19103F-16F7-4668-BE54-9A1E7A4F7556}") = "Olive.Microservices", "Olive.Microservices\Olive.Microservices.csproj", "{6D544D10-9E8B-47E8-AB51-D6F504B1F5EF}"
EndProject
Project("{9A19103F-16F7-4668-BE54-9A1E7A4F7556}") = "Olive.Email", "Olive.Email\Olive.Email.csproj", "{6C81363C-E71F-4999-80A4-AF42FAF69D04}"
EndProject
Project("{FAE04EC0-301F-11D3-BF4B-00C04F79EFBC}") = "PublishToLocalNuget", "Utils\PublishToLocalNuget\PublishToLocalNuget.csproj", "{4E848AF4-85B4-4B47-82FB-C78C337573C9}"
EndProject
Project("{9A19103F-16F7-4668-BE54-9A1E7A4F7556}") = "Olive.Audit", "Olive.Audit\Olive.Audit.csproj", "{4F36784E-BBBB-4CE4-A491-8BB1BD0CCB35}"
EndProject
Project("{9A19103F-16F7-4668-BE54-9A1E7A4F7556}") = "Olive.Audit.DatabaseLogger", "Olive.Audit.DatabaseLogger\Olive.Audit.DatabaseLogger.csproj", "{CA96897D-00EA-4554-8EE1-06F42939ECA3}"
EndProject
Project("{E24C65DC-7377-472B-9ABA-BC803B73C61A}") = "docs", "docs\", "{D3A7C778-5FCA-4052-BB7B-F4EE1CB0F689}"
	ProjectSection(WebsiteProperties) = preProject
		TargetFrameworkMoniker = ".NETFramework,Version%3Dv4.0"
		Debug.AspNetCompiler.VirtualPath = "/localhost_57392"
		Debug.AspNetCompiler.PhysicalPath = "docs\"
		Debug.AspNetCompiler.TargetPath = "PrecompiledWeb\localhost_57392\"
		Debug.AspNetCompiler.Updateable = "true"
		Debug.AspNetCompiler.ForceOverwrite = "true"
		Debug.AspNetCompiler.FixedNames = "false"
		Debug.AspNetCompiler.Debug = "True"
		Release.AspNetCompiler.VirtualPath = "/localhost_57392"
		Release.AspNetCompiler.PhysicalPath = "docs\"
		Release.AspNetCompiler.TargetPath = "PrecompiledWeb\localhost_57392\"
		Release.AspNetCompiler.Updateable = "true"
		Release.AspNetCompiler.ForceOverwrite = "true"
		Release.AspNetCompiler.FixedNames = "false"
		Release.AspNetCompiler.Debug = "False"
		VWDPort = "57392"
		SlnRelativePath = "docs\"
	EndProjectSection
EndProject
Project("{9A19103F-16F7-4668-BE54-9A1E7A4F7556}") = "Olive.Mvc.Paging", "Olive.Mvc.Paging\Olive.Mvc.Paging.csproj", "{A504705A-BAAA-447D-A15F-C99BEFF296F7}"
EndProject
Project("{9A19103F-16F7-4668-BE54-9A1E7A4F7556}") = "Olive.Security.Aws", "Olive.Security.Aws\Olive.Security.Aws.csproj", "{012CB6E2-AA00-4BEB-93A4-B6BBF5770341}"
EndProject
Project("{9A19103F-16F7-4668-BE54-9A1E7A4F7556}") = "Olive.Aws", "Olive.Aws\Olive.Aws.csproj", "{64B3426B-0ECF-4478-AD84-F29E5030AF15}"
EndProject
Project("{9A19103F-16F7-4668-BE54-9A1E7A4F7556}") = "Olive.Encryption", "Olive.Encryption\Olive.Encryption.csproj", "{AC924CEE-42AD-4E5C-BDEA-D100DDBF9341}"
EndProject
Project("{9A19103F-16F7-4668-BE54-9A1E7A4F7556}") = "Olive.Aws.Ses", "Olive.Aws.Ses\Olive.Aws.Ses.csproj", "{AA08CBC6-3923-491D-A9E3-22BA46E56DA1}"
EndProject
Project("{9A19103F-16F7-4668-BE54-9A1E7A4F7556}") = "Olive.Entities.Cache.Redis", "Olive.Entities.Cache.Redis\Olive.Entities.Cache.Redis.csproj", "{C001382C-3FB6-4CAA-8A28-D469D867B7ED}"
EndProject
Project("{2150E333-8FDC-42A3-9474-1A3956D46DE8}") = "Tests", "Tests", "{7104C604-DB4B-4766-A61D-17FA1A57EFDD}"
EndProject
Project("{9A19103F-16F7-4668-BE54-9A1E7A4F7556}") = "Olive.Tests", "Tests\Olive.Tests\Olive.Tests.csproj", "{B67F7B8C-3B04-45AC-8D5A-442EC14C68FC}"
EndProject
Project("{9A19103F-16F7-4668-BE54-9A1E7A4F7556}") = "Olive.Entities.Tests", "Tests\Olive.Entities.Tests\Olive.Entities.Tests.csproj", "{CF8E08B3-684E-4A1A-8141-5FDE29B2FA11}"
EndProject
Project("{9A19103F-16F7-4668-BE54-9A1E7A4F7556}") = "Olive.Entities.Data.SqlServer.Tests", "Tests\Olive.Entities.Data.SqlServer.Tests\Olive.Entities.Data.SqlServer.Tests.csproj", "{E613709B-D776-41D5-BDBF-5386B6DB186B}"
EndProject
Project("{9A19103F-16F7-4668-BE54-9A1E7A4F7556}") = "Olive.Entities.Data.MySql.Tests", "Tests\Olive.Entities.Data.MySql.Tests\Olive.Entities.Data.MySql.Tests.csproj", "{8EF1FF34-15DB-49A9-9A48-601CBE5F1722}"
EndProject
Project("{9A19103F-16F7-4668-BE54-9A1E7A4F7556}") = "Olive.Email.Tests", "Tests\Olive.Email.Tests\Olive.Email.Tests.csproj", "{726887E1-66F0-4268-87D6-DD58E691EEA6}"
EndProject
Project("{9A19103F-16F7-4668-BE54-9A1E7A4F7556}") = "Olive.SMS.Tests", "Tests\Olive.SMS.Tests\Olive.SMS.Tests.csproj", "{EF294884-E2EE-4D3F-B6C5-5A783E26B89B}"
EndProject
Project("{9A19103F-16F7-4668-BE54-9A1E7A4F7556}") = "Olive.PushNotification.Tests", "Tests\Olive.PushNotification.Tests\Olive.PushNotification.Tests.csproj", "{A0B60121-F4AB-4D29-8863-C3DE2DCABEE1}"
EndProject
Project("{9A19103F-16F7-4668-BE54-9A1E7A4F7556}") = "Olive.GeoLocation.Tests", "Tests\Olive.GeoLocation.Tests\Olive.GeoLocation.Tests.csproj", "{641E5318-DADD-48AE-9DBD-0BF74883D577}"
EndProject
Project("{9A19103F-16F7-4668-BE54-9A1E7A4F7556}") = "MSharp.Build", "Utils\MSharp.Build\MSharp.Build.csproj", "{126292EE-733D-4C27-8343-E38A310B72F1}"
EndProject
Project("{FAE04EC0-301F-11D3-BF4B-00C04F79EFBC}") = "Olive.Net4x.Compatibility", "Olive.Net4x.Compatibility\Olive.Net4x.Compatibility.csproj", "{53AE4974-CFE9-4FAD-A908-99AE5AEB9D41}"
EndProject
Project("{2150E333-8FDC-42A3-9474-1A3956D46DE8}") = "Solution Items", "Solution Items", "{1B0E7F4A-9C3A-4FF4-AFA7-D5E6390FA4B8}"
	ProjectSection(SolutionItems) = preProject
		nuget.exe = nuget.exe
	EndProjectSection
EndProject
Project("{9A19103F-16F7-4668-BE54-9A1E7A4F7556}") = "Olive.EventBus", "Olive.EventBus\Olive.EventBus.csproj", "{CE18C25B-E11F-429F-A3B3-F23C30B00731}"
EndProject
Project("{9A19103F-16F7-4668-BE54-9A1E7A4F7556}") = "Olive.Aws.EventBus", "Olive.Aws.EventBus\Olive.Aws.EventBus.csproj", "{0E4F7C8B-D7C4-4EFF-9163-0DD377E7CAF1}"
EndProject
Project("{9A19103F-16F7-4668-BE54-9A1E7A4F7556}") = "Olive.Entities.Data.Replication", "Olive.Entities.Data.Replication\Olive.Entities.Data.Replication.csproj", "{BFDA766C-CEA4-4318-86B4-F3E094B7B502}"
EndProject
Project("{9A19103F-16F7-4668-BE54-9A1E7A4F7556}") = "Olive.Log.EventBus", "Olive.Log.EventBus\Olive.Log.EventBus.csproj", "{E107920A-21F0-43C4-93BE-47CE0F2797C7}"
EndProject
Project("{9A19103F-16F7-4668-BE54-9A1E7A4F7556}") = "Olive.Export", "Olive.Export\Olive.Export.csproj", "{AD1AE4FD-141B-4F0A-8A8D-6D92E843F817}"
EndProject
Project("{9A19103F-16F7-4668-BE54-9A1E7A4F7556}") = "Olive.Mvc.Microservices", "Olive.Mvc.Microservices\Olive.Mvc.Microservices.csproj", "{692A994A-178E-474F-989E-C6B1196ABD04}"
EndProject
Project("{9A19103F-16F7-4668-BE54-9A1E7A4F7556}") = "Olive.Mvc.CKEditorFileManager", "Olive.Mvc.CKEditorFileManager\Olive.Mvc.CKEditorFileManager.csproj", "{C366BDD1-CEA8-4D62-8473-8F04B8AF0F86}"
EndProject
Project("{9A19103F-16F7-4668-BE54-9A1E7A4F7556}") = "Olive.Hangfire.MySql", "Olive.Hangfire.MySql\Olive.Hangfire.MySql.csproj", "{C4C25FC8-80AE-4292-BC28-2E91B7F3DBBB}"
EndProject
Project("{9A19103F-16F7-4668-BE54-9A1E7A4F7556}") = "Olive.PassiveBackgroundTasks", "Olive.PassiveBackgroundTasks\Olive.PassiveBackgroundTasks.csproj", "{F5475043-F394-4B67-BF3F-AE192179F7A9}"
EndProject
Project("{9A19103F-16F7-4668-BE54-9A1E7A4F7556}") = "Olive.Entities.Data.Replication.Mvc.Extensions", "Olive.EventBus.Mvc.Extensions\Olive.Entities.Data.Replication.Mvc.Extensions.csproj", "{0AD86AF8-5F92-43FB-91DF-84E9C1DB7F38}"
EndProject
Project("{9A19103F-16F7-4668-BE54-9A1E7A4F7556}") = "Olive.Console", "Olive.Console\Olive.Console.csproj", "{D9DCB1FC-5367-40EB-BD0C-0CE0AF14972F}"
EndProject
Project("{9A19103F-16F7-4668-BE54-9A1E7A4F7556}") = "Olive.Aws.Ses.AutoFetch", "Olive.Aws.Ses.AutoFetch\Olive.Aws.Ses.AutoFetch.csproj", "{E235C02C-0BAA-4E69-BAD2-3C7D7AE5BA2A}"
EndProject
Project("{9A19103F-16F7-4668-BE54-9A1E7A4F7556}") = "Olive.Aws.Ses.AutoFetch.TestConsole", "Olive.Aws.Ses.AutoFetch.TestConsole\Olive.Aws.Ses.AutoFetch.TestConsole.csproj", "{A03434B4-E606-4928-B798-A9EB34DC3ADC}"
EndProject
Project("{9A19103F-16F7-4668-BE54-9A1E7A4F7556}") = "Olive.Email.Imap", "Olive.Email.Imap\Olive.Email.Imap.csproj", "{2C67A6F3-778A-48F6-BE78-14963E457629}"
EndProject
Project("{9A19103F-16F7-4668-BE54-9A1E7A4F7556}") = "Olive.Mvc.Recaptcha", "Olive.Mvc.Recaptcha\Olive.Mvc.Recaptcha.csproj", "{6EECDDF0-6E2E-4063-AB0F-EEFAAEE544A8}"
EndProject
Project("{9A19103F-16F7-4668-BE54-9A1E7A4F7556}") = "Olive.Blob.Azure", "Olive.Blob.Azure\Olive.Blob.Azure.csproj", "{5F0FEF65-84C0-4DA5-A859-E67FC401778C}"
EndProject
Project("{2150E333-8FDC-42A3-9474-1A3956D46DE8}") = "NetStandard", "NetStandard", "{50102A6B-6A9D-47FE-B21B-1968F24A4CCF}"
EndProject
Project("{2150E333-8FDC-42A3-9474-1A3956D46DE8}") = "NetCore", "NetCore", "{B08CEA40-4865-41AF-94CA-AC59E2513A11}"
EndProject
Project("{2150E333-8FDC-42A3-9474-1A3956D46DE8}") = "AWS", "AWS", "{6A937A37-1CEC-4347-9594-C471645B43DA}"
EndProject
Project("{2150E333-8FDC-42A3-9474-1A3956D46DE8}") = "Entities", "Entities", "{4F5D9D95-8E6C-40CE-84EE-3D2157EB8928}"
EndProject
Project("{2150E333-8FDC-42A3-9474-1A3956D46DE8}") = "Distributed", "Distributed", "{F9E4B82C-F72E-4D58-A31B-1E971182A29A}"
EndProject
Project("{2150E333-8FDC-42A3-9474-1A3956D46DE8}") = "Services", "Services", "{BC185AF9-EC42-4926-B45D-2261E63FF0F0}"
EndProject
Global
	GlobalSection(SolutionConfigurationPlatforms) = preSolution
		Debug|Any CPU = Debug|Any CPU
		Release|Any CPU = Release|Any CPU
	EndGlobalSection
	GlobalSection(ProjectConfigurationPlatforms) = postSolution
		{EF844D85-7C45-4725-B033-DBC6111C5F7F}.Debug|Any CPU.ActiveCfg = Debug|Any CPU
		{EF844D85-7C45-4725-B033-DBC6111C5F7F}.Debug|Any CPU.Build.0 = Debug|Any CPU
		{EF844D85-7C45-4725-B033-DBC6111C5F7F}.Release|Any CPU.ActiveCfg = Release|Any CPU
		{EF844D85-7C45-4725-B033-DBC6111C5F7F}.Release|Any CPU.Build.0 = Release|Any CPU
		{81D870C8-EA2A-46DA-A936-0D4D520B2C32}.Debug|Any CPU.ActiveCfg = Debug|Any CPU
		{81D870C8-EA2A-46DA-A936-0D4D520B2C32}.Debug|Any CPU.Build.0 = Debug|Any CPU
		{81D870C8-EA2A-46DA-A936-0D4D520B2C32}.Release|Any CPU.ActiveCfg = Release|Any CPU
		{81D870C8-EA2A-46DA-A936-0D4D520B2C32}.Release|Any CPU.Build.0 = Release|Any CPU
		{35B19C59-D221-47AF-AAC6-F9CEB0953FFB}.Debug|Any CPU.ActiveCfg = Debug|Any CPU
		{35B19C59-D221-47AF-AAC6-F9CEB0953FFB}.Debug|Any CPU.Build.0 = Debug|Any CPU
		{35B19C59-D221-47AF-AAC6-F9CEB0953FFB}.Release|Any CPU.ActiveCfg = Release|Any CPU
		{35B19C59-D221-47AF-AAC6-F9CEB0953FFB}.Release|Any CPU.Build.0 = Release|Any CPU
		{EA922ABB-FF72-4C92-B5BE-C4FEAF5AC168}.Debug|Any CPU.ActiveCfg = Debug|Any CPU
		{EA922ABB-FF72-4C92-B5BE-C4FEAF5AC168}.Debug|Any CPU.Build.0 = Debug|Any CPU
		{EA922ABB-FF72-4C92-B5BE-C4FEAF5AC168}.Release|Any CPU.ActiveCfg = Release|Any CPU
		{EA922ABB-FF72-4C92-B5BE-C4FEAF5AC168}.Release|Any CPU.Build.0 = Release|Any CPU
		{AB221943-A14F-4817-BAA6-A6829841EA51}.Debug|Any CPU.ActiveCfg = Debug|Any CPU
		{AB221943-A14F-4817-BAA6-A6829841EA51}.Debug|Any CPU.Build.0 = Debug|Any CPU
		{AB221943-A14F-4817-BAA6-A6829841EA51}.Release|Any CPU.ActiveCfg = Release|Any CPU
		{AB221943-A14F-4817-BAA6-A6829841EA51}.Release|Any CPU.Build.0 = Release|Any CPU
		{50ABA031-EAD6-4554-AC73-8BCA56C637B2}.Debug|Any CPU.ActiveCfg = Debug|Any CPU
		{50ABA031-EAD6-4554-AC73-8BCA56C637B2}.Debug|Any CPU.Build.0 = Debug|Any CPU
		{50ABA031-EAD6-4554-AC73-8BCA56C637B2}.Release|Any CPU.ActiveCfg = Release|Any CPU
		{50ABA031-EAD6-4554-AC73-8BCA56C637B2}.Release|Any CPU.Build.0 = Release|Any CPU
		{253531A7-A460-4D61-9A85-A3E29B33AA94}.Debug|Any CPU.ActiveCfg = Debug|Any CPU
		{253531A7-A460-4D61-9A85-A3E29B33AA94}.Debug|Any CPU.Build.0 = Debug|Any CPU
		{253531A7-A460-4D61-9A85-A3E29B33AA94}.Release|Any CPU.ActiveCfg = Release|Any CPU
		{253531A7-A460-4D61-9A85-A3E29B33AA94}.Release|Any CPU.Build.0 = Release|Any CPU
		{5EE54E7F-07C7-4966-9EFA-5E2252206B77}.Debug|Any CPU.ActiveCfg = Debug|Any CPU
		{5EE54E7F-07C7-4966-9EFA-5E2252206B77}.Debug|Any CPU.Build.0 = Debug|Any CPU
		{5EE54E7F-07C7-4966-9EFA-5E2252206B77}.Release|Any CPU.ActiveCfg = Release|Any CPU
		{5EE54E7F-07C7-4966-9EFA-5E2252206B77}.Release|Any CPU.Build.0 = Release|Any CPU
		{5B7D4B8F-66B2-4A74-A42F-37298CF1878F}.Debug|Any CPU.ActiveCfg = Debug|Any CPU
		{5B7D4B8F-66B2-4A74-A42F-37298CF1878F}.Debug|Any CPU.Build.0 = Debug|Any CPU
		{5B7D4B8F-66B2-4A74-A42F-37298CF1878F}.Release|Any CPU.ActiveCfg = Release|Any CPU
		{5B7D4B8F-66B2-4A74-A42F-37298CF1878F}.Release|Any CPU.Build.0 = Release|Any CPU
		{2CCA47DA-038F-4C63-8E7F-9F4A9296BB44}.Debug|Any CPU.ActiveCfg = Debug|Any CPU
		{2CCA47DA-038F-4C63-8E7F-9F4A9296BB44}.Debug|Any CPU.Build.0 = Debug|Any CPU
		{2CCA47DA-038F-4C63-8E7F-9F4A9296BB44}.Release|Any CPU.ActiveCfg = Release|Any CPU
		{2CCA47DA-038F-4C63-8E7F-9F4A9296BB44}.Release|Any CPU.Build.0 = Release|Any CPU
		{55390C42-F8DE-4089-B079-74E18714236D}.Debug|Any CPU.ActiveCfg = Debug|Any CPU
		{55390C42-F8DE-4089-B079-74E18714236D}.Debug|Any CPU.Build.0 = Debug|Any CPU
		{55390C42-F8DE-4089-B079-74E18714236D}.Release|Any CPU.ActiveCfg = Release|Any CPU
		{55390C42-F8DE-4089-B079-74E18714236D}.Release|Any CPU.Build.0 = Release|Any CPU
		{816FFC81-38E0-442C-8236-742551AC8AFC}.Debug|Any CPU.ActiveCfg = Debug|Any CPU
		{816FFC81-38E0-442C-8236-742551AC8AFC}.Debug|Any CPU.Build.0 = Debug|Any CPU
		{816FFC81-38E0-442C-8236-742551AC8AFC}.Release|Any CPU.ActiveCfg = Release|Any CPU
		{816FFC81-38E0-442C-8236-742551AC8AFC}.Release|Any CPU.Build.0 = Release|Any CPU
		{E66479DB-792B-4A2F-AA03-DEAAB128CE94}.Debug|Any CPU.ActiveCfg = Debug|Any CPU
		{E66479DB-792B-4A2F-AA03-DEAAB128CE94}.Debug|Any CPU.Build.0 = Debug|Any CPU
		{E66479DB-792B-4A2F-AA03-DEAAB128CE94}.Release|Any CPU.ActiveCfg = Release|Any CPU
		{E66479DB-792B-4A2F-AA03-DEAAB128CE94}.Release|Any CPU.Build.0 = Release|Any CPU
		{4C446033-19E3-4D88-B4A2-AE2D5190AF41}.Debug|Any CPU.ActiveCfg = Debug|Any CPU
		{4C446033-19E3-4D88-B4A2-AE2D5190AF41}.Debug|Any CPU.Build.0 = Debug|Any CPU
		{4C446033-19E3-4D88-B4A2-AE2D5190AF41}.Release|Any CPU.ActiveCfg = Release|Any CPU
		{4C446033-19E3-4D88-B4A2-AE2D5190AF41}.Release|Any CPU.Build.0 = Release|Any CPU
		{08ADF968-0FFF-4E3C-88EC-E04E2FA94D13}.Debug|Any CPU.ActiveCfg = Debug|Any CPU
		{08ADF968-0FFF-4E3C-88EC-E04E2FA94D13}.Debug|Any CPU.Build.0 = Debug|Any CPU
		{08ADF968-0FFF-4E3C-88EC-E04E2FA94D13}.Release|Any CPU.ActiveCfg = Release|Any CPU
		{08ADF968-0FFF-4E3C-88EC-E04E2FA94D13}.Release|Any CPU.Build.0 = Release|Any CPU
		{D6CB3117-1CB6-4263-AE89-37483A0379B9}.Debug|Any CPU.ActiveCfg = Debug|Any CPU
		{D6CB3117-1CB6-4263-AE89-37483A0379B9}.Release|Any CPU.ActiveCfg = Release|Any CPU
		{D6CB3117-1CB6-4263-AE89-37483A0379B9}.Release|Any CPU.Build.0 = Release|Any CPU
		{8BE6BB58-FFF0-4057-9027-94CF7B96A0E3}.Debug|Any CPU.ActiveCfg = Debug|Any CPU
		{8BE6BB58-FFF0-4057-9027-94CF7B96A0E3}.Debug|Any CPU.Build.0 = Debug|Any CPU
		{8BE6BB58-FFF0-4057-9027-94CF7B96A0E3}.Release|Any CPU.ActiveCfg = Release|Any CPU
		{8BE6BB58-FFF0-4057-9027-94CF7B96A0E3}.Release|Any CPU.Build.0 = Release|Any CPU
		{8614E659-EA39-4D64-B014-A4ED525EE045}.Debug|Any CPU.ActiveCfg = Debug|Any CPU
		{8614E659-EA39-4D64-B014-A4ED525EE045}.Debug|Any CPU.Build.0 = Debug|Any CPU
		{8614E659-EA39-4D64-B014-A4ED525EE045}.Release|Any CPU.ActiveCfg = Release|Any CPU
		{8614E659-EA39-4D64-B014-A4ED525EE045}.Release|Any CPU.Build.0 = Release|Any CPU
		{33375385-4384-4BBF-9955-B2927FB1AA74}.Debug|Any CPU.ActiveCfg = Debug|Any CPU
		{33375385-4384-4BBF-9955-B2927FB1AA74}.Debug|Any CPU.Build.0 = Debug|Any CPU
		{33375385-4384-4BBF-9955-B2927FB1AA74}.Release|Any CPU.ActiveCfg = Release|Any CPU
		{33375385-4384-4BBF-9955-B2927FB1AA74}.Release|Any CPU.Build.0 = Release|Any CPU
		{52AF0D90-E65E-450C-877B-95B831B35694}.Debug|Any CPU.ActiveCfg = Debug|Any CPU
		{52AF0D90-E65E-450C-877B-95B831B35694}.Debug|Any CPU.Build.0 = Debug|Any CPU
		{52AF0D90-E65E-450C-877B-95B831B35694}.Release|Any CPU.ActiveCfg = Release|Any CPU
		{52AF0D90-E65E-450C-877B-95B831B35694}.Release|Any CPU.Build.0 = Release|Any CPU
		{EE70F844-B284-42D1-8565-45B153727A1B}.Debug|Any CPU.ActiveCfg = Debug|Any CPU
		{EE70F844-B284-42D1-8565-45B153727A1B}.Debug|Any CPU.Build.0 = Debug|Any CPU
		{EE70F844-B284-42D1-8565-45B153727A1B}.Release|Any CPU.ActiveCfg = Release|Any CPU
		{EE70F844-B284-42D1-8565-45B153727A1B}.Release|Any CPU.Build.0 = Release|Any CPU
		{7FF67EEC-A5F7-46C3-BE96-0CF1A76706B6}.Debug|Any CPU.ActiveCfg = Debug|Any CPU
		{7FF67EEC-A5F7-46C3-BE96-0CF1A76706B6}.Debug|Any CPU.Build.0 = Debug|Any CPU
		{7FF67EEC-A5F7-46C3-BE96-0CF1A76706B6}.Release|Any CPU.ActiveCfg = Release|Any CPU
		{7FF67EEC-A5F7-46C3-BE96-0CF1A76706B6}.Release|Any CPU.Build.0 = Release|Any CPU
		{2A273AE2-5D6A-491A-809B-71764F35281E}.Debug|Any CPU.ActiveCfg = Debug|Any CPU
		{2A273AE2-5D6A-491A-809B-71764F35281E}.Debug|Any CPU.Build.0 = Debug|Any CPU
		{2A273AE2-5D6A-491A-809B-71764F35281E}.Release|Any CPU.ActiveCfg = Release|Any CPU
		{2A273AE2-5D6A-491A-809B-71764F35281E}.Release|Any CPU.Build.0 = Release|Any CPU
		{0019E42E-F830-439C-9911-DF36142BACB0}.Debug|Any CPU.ActiveCfg = Debug|Any CPU
		{0019E42E-F830-439C-9911-DF36142BACB0}.Debug|Any CPU.Build.0 = Debug|Any CPU
		{0019E42E-F830-439C-9911-DF36142BACB0}.Release|Any CPU.ActiveCfg = Release|Any CPU
		{0019E42E-F830-439C-9911-DF36142BACB0}.Release|Any CPU.Build.0 = Release|Any CPU
		{3CFA0862-652F-493B-B06F-6873A0B52271}.Debug|Any CPU.ActiveCfg = Debug|Any CPU
		{3CFA0862-652F-493B-B06F-6873A0B52271}.Debug|Any CPU.Build.0 = Debug|Any CPU
		{3CFA0862-652F-493B-B06F-6873A0B52271}.Release|Any CPU.ActiveCfg = Release|Any CPU
		{3CFA0862-652F-493B-B06F-6873A0B52271}.Release|Any CPU.Build.0 = Release|Any CPU
		{77A2DD2F-8249-4140-B9D4-7F80FECAB405}.Debug|Any CPU.ActiveCfg = Debug|Any CPU
		{77A2DD2F-8249-4140-B9D4-7F80FECAB405}.Debug|Any CPU.Build.0 = Debug|Any CPU
		{77A2DD2F-8249-4140-B9D4-7F80FECAB405}.Release|Any CPU.ActiveCfg = Release|Any CPU
		{77A2DD2F-8249-4140-B9D4-7F80FECAB405}.Release|Any CPU.Build.0 = Release|Any CPU
		{6D544D10-9E8B-47E8-AB51-D6F504B1F5EF}.Debug|Any CPU.ActiveCfg = Debug|Any CPU
		{6D544D10-9E8B-47E8-AB51-D6F504B1F5EF}.Debug|Any CPU.Build.0 = Debug|Any CPU
		{6D544D10-9E8B-47E8-AB51-D6F504B1F5EF}.Release|Any CPU.ActiveCfg = Release|Any CPU
		{6D544D10-9E8B-47E8-AB51-D6F504B1F5EF}.Release|Any CPU.Build.0 = Release|Any CPU
		{6C81363C-E71F-4999-80A4-AF42FAF69D04}.Debug|Any CPU.ActiveCfg = Debug|Any CPU
		{6C81363C-E71F-4999-80A4-AF42FAF69D04}.Debug|Any CPU.Build.0 = Debug|Any CPU
		{6C81363C-E71F-4999-80A4-AF42FAF69D04}.Release|Any CPU.ActiveCfg = Release|Any CPU
		{6C81363C-E71F-4999-80A4-AF42FAF69D04}.Release|Any CPU.Build.0 = Release|Any CPU
		{4E848AF4-85B4-4B47-82FB-C78C337573C9}.Debug|Any CPU.ActiveCfg = Debug|Any CPU
		{4E848AF4-85B4-4B47-82FB-C78C337573C9}.Debug|Any CPU.Build.0 = Debug|Any CPU
		{4E848AF4-85B4-4B47-82FB-C78C337573C9}.Release|Any CPU.ActiveCfg = Release|Any CPU
		{4E848AF4-85B4-4B47-82FB-C78C337573C9}.Release|Any CPU.Build.0 = Release|Any CPU
		{4F36784E-BBBB-4CE4-A491-8BB1BD0CCB35}.Debug|Any CPU.ActiveCfg = Debug|Any CPU
		{4F36784E-BBBB-4CE4-A491-8BB1BD0CCB35}.Debug|Any CPU.Build.0 = Debug|Any CPU
		{4F36784E-BBBB-4CE4-A491-8BB1BD0CCB35}.Release|Any CPU.ActiveCfg = Release|Any CPU
		{4F36784E-BBBB-4CE4-A491-8BB1BD0CCB35}.Release|Any CPU.Build.0 = Release|Any CPU
		{CA96897D-00EA-4554-8EE1-06F42939ECA3}.Debug|Any CPU.ActiveCfg = Debug|Any CPU
		{CA96897D-00EA-4554-8EE1-06F42939ECA3}.Debug|Any CPU.Build.0 = Debug|Any CPU
		{CA96897D-00EA-4554-8EE1-06F42939ECA3}.Release|Any CPU.ActiveCfg = Release|Any CPU
		{CA96897D-00EA-4554-8EE1-06F42939ECA3}.Release|Any CPU.Build.0 = Release|Any CPU
		{D3A7C778-5FCA-4052-BB7B-F4EE1CB0F689}.Debug|Any CPU.ActiveCfg = Debug|Any CPU
		{D3A7C778-5FCA-4052-BB7B-F4EE1CB0F689}.Debug|Any CPU.Build.0 = Debug|Any CPU
		{D3A7C778-5FCA-4052-BB7B-F4EE1CB0F689}.Release|Any CPU.ActiveCfg = Debug|Any CPU
		{D3A7C778-5FCA-4052-BB7B-F4EE1CB0F689}.Release|Any CPU.Build.0 = Debug|Any CPU
		{A504705A-BAAA-447D-A15F-C99BEFF296F7}.Debug|Any CPU.ActiveCfg = Debug|Any CPU
		{A504705A-BAAA-447D-A15F-C99BEFF296F7}.Debug|Any CPU.Build.0 = Debug|Any CPU
		{A504705A-BAAA-447D-A15F-C99BEFF296F7}.Release|Any CPU.ActiveCfg = Release|Any CPU
		{A504705A-BAAA-447D-A15F-C99BEFF296F7}.Release|Any CPU.Build.0 = Release|Any CPU
		{012CB6E2-AA00-4BEB-93A4-B6BBF5770341}.Debug|Any CPU.ActiveCfg = Debug|Any CPU
		{012CB6E2-AA00-4BEB-93A4-B6BBF5770341}.Debug|Any CPU.Build.0 = Debug|Any CPU
		{012CB6E2-AA00-4BEB-93A4-B6BBF5770341}.Release|Any CPU.ActiveCfg = Release|Any CPU
		{012CB6E2-AA00-4BEB-93A4-B6BBF5770341}.Release|Any CPU.Build.0 = Release|Any CPU
		{64B3426B-0ECF-4478-AD84-F29E5030AF15}.Debug|Any CPU.ActiveCfg = Debug|Any CPU
		{64B3426B-0ECF-4478-AD84-F29E5030AF15}.Debug|Any CPU.Build.0 = Debug|Any CPU
		{64B3426B-0ECF-4478-AD84-F29E5030AF15}.Release|Any CPU.ActiveCfg = Release|Any CPU
		{64B3426B-0ECF-4478-AD84-F29E5030AF15}.Release|Any CPU.Build.0 = Release|Any CPU
		{AC924CEE-42AD-4E5C-BDEA-D100DDBF9341}.Debug|Any CPU.ActiveCfg = Debug|Any CPU
		{AC924CEE-42AD-4E5C-BDEA-D100DDBF9341}.Debug|Any CPU.Build.0 = Debug|Any CPU
		{AC924CEE-42AD-4E5C-BDEA-D100DDBF9341}.Release|Any CPU.ActiveCfg = Release|Any CPU
		{AC924CEE-42AD-4E5C-BDEA-D100DDBF9341}.Release|Any CPU.Build.0 = Release|Any CPU
		{AA08CBC6-3923-491D-A9E3-22BA46E56DA1}.Debug|Any CPU.ActiveCfg = Debug|Any CPU
		{AA08CBC6-3923-491D-A9E3-22BA46E56DA1}.Debug|Any CPU.Build.0 = Debug|Any CPU
		{AA08CBC6-3923-491D-A9E3-22BA46E56DA1}.Release|Any CPU.ActiveCfg = Release|Any CPU
		{AA08CBC6-3923-491D-A9E3-22BA46E56DA1}.Release|Any CPU.Build.0 = Release|Any CPU
		{C001382C-3FB6-4CAA-8A28-D469D867B7ED}.Debug|Any CPU.ActiveCfg = Debug|Any CPU
		{C001382C-3FB6-4CAA-8A28-D469D867B7ED}.Debug|Any CPU.Build.0 = Debug|Any CPU
		{C001382C-3FB6-4CAA-8A28-D469D867B7ED}.Release|Any CPU.ActiveCfg = Release|Any CPU
		{C001382C-3FB6-4CAA-8A28-D469D867B7ED}.Release|Any CPU.Build.0 = Release|Any CPU
		{B67F7B8C-3B04-45AC-8D5A-442EC14C68FC}.Debug|Any CPU.ActiveCfg = Debug|Any CPU
		{B67F7B8C-3B04-45AC-8D5A-442EC14C68FC}.Debug|Any CPU.Build.0 = Debug|Any CPU
		{B67F7B8C-3B04-45AC-8D5A-442EC14C68FC}.Release|Any CPU.ActiveCfg = Release|Any CPU
		{B67F7B8C-3B04-45AC-8D5A-442EC14C68FC}.Release|Any CPU.Build.0 = Release|Any CPU
		{CF8E08B3-684E-4A1A-8141-5FDE29B2FA11}.Debug|Any CPU.ActiveCfg = Debug|Any CPU
		{CF8E08B3-684E-4A1A-8141-5FDE29B2FA11}.Debug|Any CPU.Build.0 = Debug|Any CPU
		{CF8E08B3-684E-4A1A-8141-5FDE29B2FA11}.Release|Any CPU.ActiveCfg = Release|Any CPU
		{CF8E08B3-684E-4A1A-8141-5FDE29B2FA11}.Release|Any CPU.Build.0 = Release|Any CPU
		{E613709B-D776-41D5-BDBF-5386B6DB186B}.Debug|Any CPU.ActiveCfg = Debug|Any CPU
		{E613709B-D776-41D5-BDBF-5386B6DB186B}.Debug|Any CPU.Build.0 = Debug|Any CPU
		{E613709B-D776-41D5-BDBF-5386B6DB186B}.Release|Any CPU.ActiveCfg = Release|Any CPU
		{E613709B-D776-41D5-BDBF-5386B6DB186B}.Release|Any CPU.Build.0 = Release|Any CPU
		{8EF1FF34-15DB-49A9-9A48-601CBE5F1722}.Debug|Any CPU.ActiveCfg = Debug|Any CPU
		{8EF1FF34-15DB-49A9-9A48-601CBE5F1722}.Debug|Any CPU.Build.0 = Debug|Any CPU
		{8EF1FF34-15DB-49A9-9A48-601CBE5F1722}.Release|Any CPU.ActiveCfg = Release|Any CPU
		{8EF1FF34-15DB-49A9-9A48-601CBE5F1722}.Release|Any CPU.Build.0 = Release|Any CPU
		{726887E1-66F0-4268-87D6-DD58E691EEA6}.Debug|Any CPU.ActiveCfg = Debug|Any CPU
		{726887E1-66F0-4268-87D6-DD58E691EEA6}.Debug|Any CPU.Build.0 = Debug|Any CPU
		{726887E1-66F0-4268-87D6-DD58E691EEA6}.Release|Any CPU.ActiveCfg = Release|Any CPU
		{726887E1-66F0-4268-87D6-DD58E691EEA6}.Release|Any CPU.Build.0 = Release|Any CPU
		{EF294884-E2EE-4D3F-B6C5-5A783E26B89B}.Debug|Any CPU.ActiveCfg = Debug|Any CPU
		{EF294884-E2EE-4D3F-B6C5-5A783E26B89B}.Debug|Any CPU.Build.0 = Debug|Any CPU
		{EF294884-E2EE-4D3F-B6C5-5A783E26B89B}.Release|Any CPU.ActiveCfg = Release|Any CPU
		{EF294884-E2EE-4D3F-B6C5-5A783E26B89B}.Release|Any CPU.Build.0 = Release|Any CPU
		{A0B60121-F4AB-4D29-8863-C3DE2DCABEE1}.Debug|Any CPU.ActiveCfg = Debug|Any CPU
		{A0B60121-F4AB-4D29-8863-C3DE2DCABEE1}.Debug|Any CPU.Build.0 = Debug|Any CPU
		{A0B60121-F4AB-4D29-8863-C3DE2DCABEE1}.Release|Any CPU.ActiveCfg = Release|Any CPU
		{A0B60121-F4AB-4D29-8863-C3DE2DCABEE1}.Release|Any CPU.Build.0 = Release|Any CPU
		{641E5318-DADD-48AE-9DBD-0BF74883D577}.Debug|Any CPU.ActiveCfg = Debug|Any CPU
		{641E5318-DADD-48AE-9DBD-0BF74883D577}.Debug|Any CPU.Build.0 = Debug|Any CPU
		{641E5318-DADD-48AE-9DBD-0BF74883D577}.Release|Any CPU.ActiveCfg = Release|Any CPU
		{641E5318-DADD-48AE-9DBD-0BF74883D577}.Release|Any CPU.Build.0 = Release|Any CPU
		{126292EE-733D-4C27-8343-E38A310B72F1}.Debug|Any CPU.ActiveCfg = Debug|Any CPU
		{126292EE-733D-4C27-8343-E38A310B72F1}.Debug|Any CPU.Build.0 = Debug|Any CPU
		{126292EE-733D-4C27-8343-E38A310B72F1}.Release|Any CPU.ActiveCfg = Release|Any CPU
		{126292EE-733D-4C27-8343-E38A310B72F1}.Release|Any CPU.Build.0 = Release|Any CPU
		{53AE4974-CFE9-4FAD-A908-99AE5AEB9D41}.Debug|Any CPU.ActiveCfg = Debug|Any CPU
		{53AE4974-CFE9-4FAD-A908-99AE5AEB9D41}.Debug|Any CPU.Build.0 = Debug|Any CPU
		{53AE4974-CFE9-4FAD-A908-99AE5AEB9D41}.Release|Any CPU.ActiveCfg = Release|Any CPU
		{53AE4974-CFE9-4FAD-A908-99AE5AEB9D41}.Release|Any CPU.Build.0 = Release|Any CPU
		{CE18C25B-E11F-429F-A3B3-F23C30B00731}.Debug|Any CPU.ActiveCfg = Debug|Any CPU
		{CE18C25B-E11F-429F-A3B3-F23C30B00731}.Debug|Any CPU.Build.0 = Debug|Any CPU
		{CE18C25B-E11F-429F-A3B3-F23C30B00731}.Release|Any CPU.ActiveCfg = Release|Any CPU
		{CE18C25B-E11F-429F-A3B3-F23C30B00731}.Release|Any CPU.Build.0 = Release|Any CPU
		{0E4F7C8B-D7C4-4EFF-9163-0DD377E7CAF1}.Debug|Any CPU.ActiveCfg = Debug|Any CPU
		{0E4F7C8B-D7C4-4EFF-9163-0DD377E7CAF1}.Debug|Any CPU.Build.0 = Debug|Any CPU
		{0E4F7C8B-D7C4-4EFF-9163-0DD377E7CAF1}.Release|Any CPU.ActiveCfg = Release|Any CPU
		{0E4F7C8B-D7C4-4EFF-9163-0DD377E7CAF1}.Release|Any CPU.Build.0 = Release|Any CPU
		{BFDA766C-CEA4-4318-86B4-F3E094B7B502}.Debug|Any CPU.ActiveCfg = Debug|Any CPU
		{BFDA766C-CEA4-4318-86B4-F3E094B7B502}.Debug|Any CPU.Build.0 = Debug|Any CPU
		{BFDA766C-CEA4-4318-86B4-F3E094B7B502}.Release|Any CPU.ActiveCfg = Release|Any CPU
		{BFDA766C-CEA4-4318-86B4-F3E094B7B502}.Release|Any CPU.Build.0 = Release|Any CPU
		{E107920A-21F0-43C4-93BE-47CE0F2797C7}.Debug|Any CPU.ActiveCfg = Debug|Any CPU
		{E107920A-21F0-43C4-93BE-47CE0F2797C7}.Debug|Any CPU.Build.0 = Debug|Any CPU
		{E107920A-21F0-43C4-93BE-47CE0F2797C7}.Release|Any CPU.ActiveCfg = Release|Any CPU
		{E107920A-21F0-43C4-93BE-47CE0F2797C7}.Release|Any CPU.Build.0 = Release|Any CPU
		{AD1AE4FD-141B-4F0A-8A8D-6D92E843F817}.Debug|Any CPU.ActiveCfg = Debug|Any CPU
		{AD1AE4FD-141B-4F0A-8A8D-6D92E843F817}.Debug|Any CPU.Build.0 = Debug|Any CPU
		{AD1AE4FD-141B-4F0A-8A8D-6D92E843F817}.Release|Any CPU.ActiveCfg = Release|Any CPU
		{AD1AE4FD-141B-4F0A-8A8D-6D92E843F817}.Release|Any CPU.Build.0 = Release|Any CPU
		{692A994A-178E-474F-989E-C6B1196ABD04}.Debug|Any CPU.ActiveCfg = Debug|Any CPU
		{692A994A-178E-474F-989E-C6B1196ABD04}.Debug|Any CPU.Build.0 = Debug|Any CPU
		{692A994A-178E-474F-989E-C6B1196ABD04}.Release|Any CPU.ActiveCfg = Release|Any CPU
		{692A994A-178E-474F-989E-C6B1196ABD04}.Release|Any CPU.Build.0 = Release|Any CPU
		{C366BDD1-CEA8-4D62-8473-8F04B8AF0F86}.Debug|Any CPU.ActiveCfg = Debug|Any CPU
		{C366BDD1-CEA8-4D62-8473-8F04B8AF0F86}.Debug|Any CPU.Build.0 = Debug|Any CPU
		{C366BDD1-CEA8-4D62-8473-8F04B8AF0F86}.Release|Any CPU.ActiveCfg = Release|Any CPU
		{C366BDD1-CEA8-4D62-8473-8F04B8AF0F86}.Release|Any CPU.Build.0 = Release|Any CPU
		{C4C25FC8-80AE-4292-BC28-2E91B7F3DBBB}.Debug|Any CPU.ActiveCfg = Debug|Any CPU
		{C4C25FC8-80AE-4292-BC28-2E91B7F3DBBB}.Debug|Any CPU.Build.0 = Debug|Any CPU
		{C4C25FC8-80AE-4292-BC28-2E91B7F3DBBB}.Release|Any CPU.ActiveCfg = Release|Any CPU
		{C4C25FC8-80AE-4292-BC28-2E91B7F3DBBB}.Release|Any CPU.Build.0 = Release|Any CPU
		{F5475043-F394-4B67-BF3F-AE192179F7A9}.Debug|Any CPU.ActiveCfg = Debug|Any CPU
		{F5475043-F394-4B67-BF3F-AE192179F7A9}.Debug|Any CPU.Build.0 = Debug|Any CPU
		{F5475043-F394-4B67-BF3F-AE192179F7A9}.Release|Any CPU.ActiveCfg = Release|Any CPU
		{F5475043-F394-4B67-BF3F-AE192179F7A9}.Release|Any CPU.Build.0 = Release|Any CPU
		{0AD86AF8-5F92-43FB-91DF-84E9C1DB7F38}.Debug|Any CPU.ActiveCfg = Debug|Any CPU
		{0AD86AF8-5F92-43FB-91DF-84E9C1DB7F38}.Debug|Any CPU.Build.0 = Debug|Any CPU
		{0AD86AF8-5F92-43FB-91DF-84E9C1DB7F38}.Release|Any CPU.ActiveCfg = Release|Any CPU
		{0AD86AF8-5F92-43FB-91DF-84E9C1DB7F38}.Release|Any CPU.Build.0 = Release|Any CPU
		{D9DCB1FC-5367-40EB-BD0C-0CE0AF14972F}.Debug|Any CPU.ActiveCfg = Debug|Any CPU
		{D9DCB1FC-5367-40EB-BD0C-0CE0AF14972F}.Debug|Any CPU.Build.0 = Debug|Any CPU
		{D9DCB1FC-5367-40EB-BD0C-0CE0AF14972F}.Release|Any CPU.ActiveCfg = Release|Any CPU
		{D9DCB1FC-5367-40EB-BD0C-0CE0AF14972F}.Release|Any CPU.Build.0 = Release|Any CPU
		{E235C02C-0BAA-4E69-BAD2-3C7D7AE5BA2A}.Debug|Any CPU.ActiveCfg = Debug|Any CPU
		{E235C02C-0BAA-4E69-BAD2-3C7D7AE5BA2A}.Debug|Any CPU.Build.0 = Debug|Any CPU
		{E235C02C-0BAA-4E69-BAD2-3C7D7AE5BA2A}.Release|Any CPU.ActiveCfg = Release|Any CPU
		{E235C02C-0BAA-4E69-BAD2-3C7D7AE5BA2A}.Release|Any CPU.Build.0 = Release|Any CPU
		{A03434B4-E606-4928-B798-A9EB34DC3ADC}.Debug|Any CPU.ActiveCfg = Debug|Any CPU
		{A03434B4-E606-4928-B798-A9EB34DC3ADC}.Debug|Any CPU.Build.0 = Debug|Any CPU
		{A03434B4-E606-4928-B798-A9EB34DC3ADC}.Release|Any CPU.ActiveCfg = Release|Any CPU
		{A03434B4-E606-4928-B798-A9EB34DC3ADC}.Release|Any CPU.Build.0 = Release|Any CPU
		{2C67A6F3-778A-48F6-BE78-14963E457629}.Debug|Any CPU.ActiveCfg = Debug|Any CPU
		{2C67A6F3-778A-48F6-BE78-14963E457629}.Debug|Any CPU.Build.0 = Debug|Any CPU
		{2C67A6F3-778A-48F6-BE78-14963E457629}.Release|Any CPU.ActiveCfg = Release|Any CPU
		{2C67A6F3-778A-48F6-BE78-14963E457629}.Release|Any CPU.Build.0 = Release|Any CPU
		{6EECDDF0-6E2E-4063-AB0F-EEFAAEE544A8}.Debug|Any CPU.ActiveCfg = Debug|Any CPU
		{6EECDDF0-6E2E-4063-AB0F-EEFAAEE544A8}.Debug|Any CPU.Build.0 = Debug|Any CPU
		{6EECDDF0-6E2E-4063-AB0F-EEFAAEE544A8}.Release|Any CPU.ActiveCfg = Release|Any CPU
		{6EECDDF0-6E2E-4063-AB0F-EEFAAEE544A8}.Release|Any CPU.Build.0 = Release|Any CPU
		{5F0FEF65-84C0-4DA5-A859-E67FC401778C}.Debug|Any CPU.ActiveCfg = Debug|Any CPU
		{5F0FEF65-84C0-4DA5-A859-E67FC401778C}.Debug|Any CPU.Build.0 = Debug|Any CPU
		{5F0FEF65-84C0-4DA5-A859-E67FC401778C}.Release|Any CPU.ActiveCfg = Release|Any CPU
		{5F0FEF65-84C0-4DA5-A859-E67FC401778C}.Release|Any CPU.Build.0 = Release|Any CPU
	EndGlobalSection
	GlobalSection(SolutionProperties) = preSolution
		HideSolutionNode = FALSE
	EndGlobalSection
	GlobalSection(NestedProjects) = preSolution
		{EF844D85-7C45-4725-B033-DBC6111C5F7F} = {50102A6B-6A9D-47FE-B21B-1968F24A4CCF}
		{81D870C8-EA2A-46DA-A936-0D4D520B2C32} = {4F5D9D95-8E6C-40CE-84EE-3D2157EB8928}
		{35B19C59-D221-47AF-AAC6-F9CEB0953FFB} = {4F5D9D95-8E6C-40CE-84EE-3D2157EB8928}
		{EA922ABB-FF72-4C92-B5BE-C4FEAF5AC168} = {B08CEA40-4865-41AF-94CA-AC59E2513A11}
		{AB221943-A14F-4817-BAA6-A6829841EA51} = {BC185AF9-EC42-4926-B45D-2261E63FF0F0}
		{50ABA031-EAD6-4554-AC73-8BCA56C637B2} = {BC185AF9-EC42-4926-B45D-2261E63FF0F0}
		{253531A7-A460-4D61-9A85-A3E29B33AA94} = {BC185AF9-EC42-4926-B45D-2261E63FF0F0}
		{5EE54E7F-07C7-4966-9EFA-5E2252206B77} = {BC185AF9-EC42-4926-B45D-2261E63FF0F0}
		{5B7D4B8F-66B2-4A74-A42F-37298CF1878F} = {BC185AF9-EC42-4926-B45D-2261E63FF0F0}
		{2CCA47DA-038F-4C63-8E7F-9F4A9296BB44} = {BC185AF9-EC42-4926-B45D-2261E63FF0F0}
		{55390C42-F8DE-4089-B079-74E18714236D} = {BC185AF9-EC42-4926-B45D-2261E63FF0F0}
		{816FFC81-38E0-442C-8236-742551AC8AFC} = {B08CEA40-4865-41AF-94CA-AC59E2513A11}
		{E66479DB-792B-4A2F-AA03-DEAAB128CE94} = {B08CEA40-4865-41AF-94CA-AC59E2513A11}
		{4C446033-19E3-4D88-B4A2-AE2D5190AF41} = {B08CEA40-4865-41AF-94CA-AC59E2513A11}
		{08ADF968-0FFF-4E3C-88EC-E04E2FA94D13} = {B08CEA40-4865-41AF-94CA-AC59E2513A11}
		{D6CB3117-1CB6-4263-AE89-37483A0379B9} = {E51A8EF6-624C-45C9-AC5C-6DE92BF1825D}
		{8BE6BB58-FFF0-4057-9027-94CF7B96A0E3} = {4F5D9D95-8E6C-40CE-84EE-3D2157EB8928}
		{8614E659-EA39-4D64-B014-A4ED525EE045} = {4F5D9D95-8E6C-40CE-84EE-3D2157EB8928}
		{33375385-4384-4BBF-9955-B2927FB1AA74} = {4F5D9D95-8E6C-40CE-84EE-3D2157EB8928}
		{52AF0D90-E65E-450C-877B-95B831B35694} = {B08CEA40-4865-41AF-94CA-AC59E2513A11}
		{EE70F844-B284-42D1-8565-45B153727A1B} = {4F5D9D95-8E6C-40CE-84EE-3D2157EB8928}
		{7FF67EEC-A5F7-46C3-BE96-0CF1A76706B6} = {F9E4B82C-F72E-4D58-A31B-1E971182A29A}
		{2A273AE2-5D6A-491A-809B-71764F35281E} = {B08CEA40-4865-41AF-94CA-AC59E2513A11}
		{0019E42E-F830-439C-9911-DF36142BACB0} = {B08CEA40-4865-41AF-94CA-AC59E2513A11}
		{3CFA0862-652F-493B-B06F-6873A0B52271} = {F9E4B82C-F72E-4D58-A31B-1E971182A29A}
		{77A2DD2F-8249-4140-B9D4-7F80FECAB405} = {B08CEA40-4865-41AF-94CA-AC59E2513A11}
		{6D544D10-9E8B-47E8-AB51-D6F504B1F5EF} = {F9E4B82C-F72E-4D58-A31B-1E971182A29A}
		{6C81363C-E71F-4999-80A4-AF42FAF69D04} = {B08CEA40-4865-41AF-94CA-AC59E2513A11}
		{4E848AF4-85B4-4B47-82FB-C78C337573C9} = {E51A8EF6-624C-45C9-AC5C-6DE92BF1825D}
		{4F36784E-BBBB-4CE4-A491-8BB1BD0CCB35} = {50102A6B-6A9D-47FE-B21B-1968F24A4CCF}
		{CA96897D-00EA-4554-8EE1-06F42939ECA3} = {50102A6B-6A9D-47FE-B21B-1968F24A4CCF}
		{A504705A-BAAA-447D-A15F-C99BEFF296F7} = {B08CEA40-4865-41AF-94CA-AC59E2513A11}
		{012CB6E2-AA00-4BEB-93A4-B6BBF5770341} = {B08CEA40-4865-41AF-94CA-AC59E2513A11}
		{64B3426B-0ECF-4478-AD84-F29E5030AF15} = {6A937A37-1CEC-4347-9594-C471645B43DA}
		{AC924CEE-42AD-4E5C-BDEA-D100DDBF9341} = {BC185AF9-EC42-4926-B45D-2261E63FF0F0}
		{AA08CBC6-3923-491D-A9E3-22BA46E56DA1} = {B08CEA40-4865-41AF-94CA-AC59E2513A11}
		{C001382C-3FB6-4CAA-8A28-D469D867B7ED} = {4F5D9D95-8E6C-40CE-84EE-3D2157EB8928}
		{B67F7B8C-3B04-45AC-8D5A-442EC14C68FC} = {7104C604-DB4B-4766-A61D-17FA1A57EFDD}
		{CF8E08B3-684E-4A1A-8141-5FDE29B2FA11} = {7104C604-DB4B-4766-A61D-17FA1A57EFDD}
		{E613709B-D776-41D5-BDBF-5386B6DB186B} = {7104C604-DB4B-4766-A61D-17FA1A57EFDD}
		{8EF1FF34-15DB-49A9-9A48-601CBE5F1722} = {7104C604-DB4B-4766-A61D-17FA1A57EFDD}
		{726887E1-66F0-4268-87D6-DD58E691EEA6} = {7104C604-DB4B-4766-A61D-17FA1A57EFDD}
		{EF294884-E2EE-4D3F-B6C5-5A783E26B89B} = {7104C604-DB4B-4766-A61D-17FA1A57EFDD}
		{A0B60121-F4AB-4D29-8863-C3DE2DCABEE1} = {7104C604-DB4B-4766-A61D-17FA1A57EFDD}
		{641E5318-DADD-48AE-9DBD-0BF74883D577} = {7104C604-DB4B-4766-A61D-17FA1A57EFDD}
		{126292EE-733D-4C27-8343-E38A310B72F1} = {E51A8EF6-624C-45C9-AC5C-6DE92BF1825D}
		{CE18C25B-E11F-429F-A3B3-F23C30B00731} = {F9E4B82C-F72E-4D58-A31B-1E971182A29A}
		{0E4F7C8B-D7C4-4EFF-9163-0DD377E7CAF1} = {6A937A37-1CEC-4347-9594-C471645B43DA}
		{BFDA766C-CEA4-4318-86B4-F3E094B7B502} = {4F5D9D95-8E6C-40CE-84EE-3D2157EB8928}
		{E107920A-21F0-43C4-93BE-47CE0F2797C7} = {F9E4B82C-F72E-4D58-A31B-1E971182A29A}
		{AD1AE4FD-141B-4F0A-8A8D-6D92E843F817} = {BC185AF9-EC42-4926-B45D-2261E63FF0F0}
		{692A994A-178E-474F-989E-C6B1196ABD04} = {B08CEA40-4865-41AF-94CA-AC59E2513A11}
		{C366BDD1-CEA8-4D62-8473-8F04B8AF0F86} = {B08CEA40-4865-41AF-94CA-AC59E2513A11}
		{C4C25FC8-80AE-4292-BC28-2E91B7F3DBBB} = {B08CEA40-4865-41AF-94CA-AC59E2513A11}
		{F5475043-F394-4B67-BF3F-AE192179F7A9} = {BC185AF9-EC42-4926-B45D-2261E63FF0F0}
		{0AD86AF8-5F92-43FB-91DF-84E9C1DB7F38} = {4F5D9D95-8E6C-40CE-84EE-3D2157EB8928}
		{D9DCB1FC-5367-40EB-BD0C-0CE0AF14972F} = {50102A6B-6A9D-47FE-B21B-1968F24A4CCF}
		{E235C02C-0BAA-4E69-BAD2-3C7D7AE5BA2A} = {6A937A37-1CEC-4347-9594-C471645B43DA}
		{A03434B4-E606-4928-B798-A9EB34DC3ADC} = {7104C604-DB4B-4766-A61D-17FA1A57EFDD}
		{2C67A6F3-778A-48F6-BE78-14963E457629} = {B08CEA40-4865-41AF-94CA-AC59E2513A11}
		{6EECDDF0-6E2E-4063-AB0F-EEFAAEE544A8} = {B08CEA40-4865-41AF-94CA-AC59E2513A11}
		{5F0FEF65-84C0-4DA5-A859-E67FC401778C} = {B08CEA40-4865-41AF-94CA-AC59E2513A11}
		{6A937A37-1CEC-4347-9594-C471645B43DA} = {50102A6B-6A9D-47FE-B21B-1968F24A4CCF}
		{4F5D9D95-8E6C-40CE-84EE-3D2157EB8928} = {50102A6B-6A9D-47FE-B21B-1968F24A4CCF}
		{F9E4B82C-F72E-4D58-A31B-1E971182A29A} = {50102A6B-6A9D-47FE-B21B-1968F24A4CCF}
		{BC185AF9-EC42-4926-B45D-2261E63FF0F0} = {50102A6B-6A9D-47FE-B21B-1968F24A4CCF}
	EndGlobalSection
	GlobalSection(ExtensibilityGlobals) = postSolution
		SolutionGuid = {B8459027-6FAF-42E6-B8A8-4887D7730704}
	EndGlobalSection
EndGlobal
