Microsoft Visual Studio Solution File, Format Version 12.00
# Visual Studio 15
VisualStudioVersion = 15.0.27130.2024
MinimumVisualStudioVersion = 10.0.40219.1
Project("{9A19103F-16F7-4668-BE54-9A1E7A4F7556}") = "Olive", "Olive\Olive.csproj", "{EF844D85-7C45-4725-B033-DBC6111C5F7F}"
EndProject
Project("{2150E333-8FDC-42A3-9474-1A3956D46DE8}") = "Solution Items", "Solution Items", "{EB802F83-E581-4C4B-9B16-7D00D66C9329}"
	ProjectSection(SolutionItems) = preProject
		GCop.json = GCop.json
	EndProjectSection
EndProject
Project("{9A19103F-16F7-4668-BE54-9A1E7A4F7556}") = "Olive.Entities", "Olive.Entities\Olive.Entities.csproj", "{81D870C8-EA2A-46DA-A936-0D4D520B2C32}"
EndProject
Project("{9A19103F-16F7-4668-BE54-9A1E7A4F7556}") = "Olive.Entities.Data", "Olive.Entities.Data\Olive.Entities.Data.csproj", "{35B19C59-D221-47AF-AAC6-F9CEB0953FFB}"
EndProject
Project("{9A19103F-16F7-4668-BE54-9A1E7A4F7556}") = "Olive.Web", "Mvc\Olive.Web\Olive.Web.csproj", "{EA922ABB-FF72-4C92-B5BE-C4FEAF5AC168}"
EndProject
Project("{2150E333-8FDC-42A3-9474-1A3956D46DE8}") = "Services", "Services", "{943E7871-2EEA-4C97-857B-16443CB240E6}"
EndProject
Project("{9A19103F-16F7-4668-BE54-9A1E7A4F7556}") = "Olive.Compression", "Services\Olive.Compression\Olive.Compression.csproj", "{AB221943-A14F-4817-BAA6-A6829841EA51}"
EndProject
Project("{9A19103F-16F7-4668-BE54-9A1E7A4F7556}") = "Olive.Csv", "Services\Olive.CSV\Olive.Csv.csproj", "{50ABA031-EAD6-4554-AC73-8BCA56C637B2}"
EndProject
Project("{9A19103F-16F7-4668-BE54-9A1E7A4F7556}") = "Olive.Excel", "Services\Olive.Excel\Olive.Excel.csproj", "{E6C2B0FC-8C65-4AD9-A50F-21484D0E9F06}"
EndProject
Project("{9A19103F-16F7-4668-BE54-9A1E7A4F7556}") = "Olive.GeoLocation", "Services\Olive.GeoLocation\Olive.GeoLocation.csproj", "{253531A7-A460-4D61-9A85-A3E29B33AA94}"
EndProject
Project("{9A19103F-16F7-4668-BE54-9A1E7A4F7556}") = "Olive.Globalization", "Mvc\Olive.Mvc.Globalization\Olive.Globalization.csproj", "{5EE54E7F-07C7-4966-9EFA-5E2252206B77}"
EndProject
Project("{9A19103F-16F7-4668-BE54-9A1E7A4F7556}") = "Olive.PDF", "Services\Olive.PDF\Olive.PDF.csproj", "{5B7D4B8F-66B2-4A74-A42F-37298CF1878F}"
EndProject
Project("{9A19103F-16F7-4668-BE54-9A1E7A4F7556}") = "Olive.SMS", "Services\Olive.SMS\Olive.SMS.csproj", "{2CCA47DA-038F-4C63-8E7F-9F4A9296BB44}"
EndProject
Project("{9A19103F-16F7-4668-BE54-9A1E7A4F7556}") = "Olive.Drawing", "Services\Olive.Drawing\Olive.Drawing.csproj", "{55390C42-F8DE-4089-B079-74E18714236D}"
EndProject
Project("{9A19103F-16F7-4668-BE54-9A1E7A4F7556}") = "Olive.Mvc.IpFilter", "Mvc\Olive.Mvc.IpFilter\Olive.Mvc.IpFilter.csproj", "{816FFC81-38E0-442C-8236-742551AC8AFC}"
EndProject
Project("{9A19103F-16F7-4668-BE54-9A1E7A4F7556}") = "Olive.Security.Impersonation", "Mvc\Olive.Security.Impersonation\Olive.Security.Impersonation.csproj", "{E66479DB-792B-4A2F-AA03-DEAAB128CE94}"
EndProject
Project("{9A19103F-16F7-4668-BE54-9A1E7A4F7556}") = "Olive.Mvc.Testing", "Mvc\Olive.Mvc.Testing\Olive.Mvc.Testing.csproj", "{4C446033-19E3-4D88-B4A2-AE2D5190AF41}"
EndProject
Project("{9A19103F-16F7-4668-BE54-9A1E7A4F7556}") = "Olive.Mvc", "Mvc\Olive.Mvc\Olive.Mvc.csproj", "{08ADF968-0FFF-4E3C-88EC-E04E2FA94D13}"
EndProject
Project("{9A19103F-16F7-4668-BE54-9A1E7A4F7556}") = "Mvc.RemovalCandidates", "Mvc.RemovalCandidates\Mvc.RemovalCandidates.csproj", "{D6CB3117-1CB6-4263-AE89-37483A0379B9}"
EndProject
Project("{9A19103F-16F7-4668-BE54-9A1E7A4F7556}") = "Olive.Entities.Data.SqlServer", "Olive.Entities.Data.SqlServer\Olive.Entities.Data.SqlServer.csproj", "{8BE6BB58-FFF0-4057-9027-94CF7B96A0E3}"
EndProject
Project("{9A19103F-16F7-4668-BE54-9A1E7A4F7556}") = "Olive.Entities.Data.MySql", "Olive.Entities.Data.MySql\Olive.Entities.Data.MySql.csproj", "{8614E659-EA39-4D64-B014-A4ED525EE045}"
EndProject
Project("{9A19103F-16F7-4668-BE54-9A1E7A4F7556}") = "Olive.Entities.Data.PostgreSQL", "Olive.Entities.Data.PostgreSQL\Olive.Entities.Data.PostgreSQL.csproj", "{33375385-4384-4BBF-9955-B2927FB1AA74}"
EndProject
Project("{2150E333-8FDC-42A3-9474-1A3956D46DE8}") = "Utils", "Utils", "{E51A8EF6-624C-45C9-AC5C-6DE92BF1825D}"
EndProject
Project("{9A19103F-16F7-4668-BE54-9A1E7A4F7556}") = "PushForLocalTesting", "Utils\PushForLocalTesting\PushForLocalTesting.csproj", "{FCF09748-CB0C-49EE-AAC2-A1C7BAD14602}"
EndProject
Project("{9A19103F-16F7-4668-BE54-9A1E7A4F7556}") = "Olive.BlobAws", "Services\Olive.Blob.Aws\Olive.BlobAws.csproj", "{52AF0D90-E65E-450C-877B-95B831B35694}"
EndProject
Project("{E24C65DC-7377-472B-9ABA-BC803B73C61A}") = "Olive.MvcJs", "Olive.MvcJs\", "{E0D4B0CD-4351-400C-8952-11C2F1318C6F}"
	ProjectSection(WebsiteProperties) = preProject
		TargetFrameworkMoniker = ".NETFramework,Version%3Dv4.0"
		Debug.AspNetCompiler.VirtualPath = "/localhost_61844"
		Debug.AspNetCompiler.PhysicalPath = "Olive.MvcJs\"
		Debug.AspNetCompiler.TargetPath = "PrecompiledWeb\localhost_61844\"
		Debug.AspNetCompiler.Updateable = "true"
		Debug.AspNetCompiler.ForceOverwrite = "true"
		Debug.AspNetCompiler.FixedNames = "false"
		Debug.AspNetCompiler.Debug = "True"
		Release.AspNetCompiler.VirtualPath = "/localhost_61844"
		Release.AspNetCompiler.PhysicalPath = "Olive.MvcJs\"
		Release.AspNetCompiler.TargetPath = "PrecompiledWeb\localhost_61844\"
		Release.AspNetCompiler.Updateable = "true"
		Release.AspNetCompiler.ForceOverwrite = "true"
		Release.AspNetCompiler.FixedNames = "false"
		Release.AspNetCompiler.Debug = "False"
		VWDPort = "61844"
		SlnRelativePath = "Olive.MvcJs\"
	EndProjectSection
EndProject
Project("{9A19103F-16F7-4668-BE54-9A1E7A4F7556}") = "Olive.Entities.Data.SQLite", "Olive.Entities.Data.SQLite\Olive.Entities.Data.SQLite.csproj", "{EE70F844-B284-42D1-8565-45B153727A1B}"
EndProject
Project("{9A19103F-16F7-4668-BE54-9A1E7A4F7556}") = "Olive.PushNotification", "Services\Olive.PushNotification\Olive.PushNotification.csproj", "{7FF67EEC-A5F7-46C3-BE96-0CF1A76706B6}"
EndProject
Project("{9A19103F-16F7-4668-BE54-9A1E7A4F7556}") = "Olive.Security", "Mvc\Olive.Security\Olive.Security.csproj", "{2A273AE2-5D6A-491A-809B-71764F35281E}"
EndProject
Project("{9A19103F-16F7-4668-BE54-9A1E7A4F7556}") = "Olive.Security.Auth0", "Mvc\Olive.Mvc.Security.Auth0\Olive.Security.Auth0.csproj", "{0019E42E-F830-439C-9911-DF36142BACB0}"
EndProject
Project("{9A19103F-16F7-4668-BE54-9A1E7A4F7556}") = "Olive.ApiClient", "Integration\Olive.ApiClient\Olive.ApiClient.csproj", "{3CFA0862-652F-493B-B06F-6873A0B52271}"
EndProject
Project("{9A19103F-16F7-4668-BE54-9A1E7A4F7556}") = "Olive.Hangfire", "Mvc\Olive.Hangfire\Olive.Hangfire.csproj", "{77A2DD2F-8249-4140-B9D4-7F80FECAB405}"
EndProject
Project("{9A19103F-16F7-4668-BE54-9A1E7A4F7556}") = "Olive.Microservices", "Integration\Olive.Microservices\Olive.Microservices.csproj", "{6D544D10-9E8B-47E8-AB51-D6F504B1F5EF}"
EndProject
Project("{9A19103F-16F7-4668-BE54-9A1E7A4F7556}") = "Olive.Mvc.NLog", "Mvc\Olive.Mvc.NLog\Olive.Mvc.NLog.csproj", "{CCBC2FEF-CA70-4C2D-A9D9-C0566FDD38E1}"
EndProject
Project("{9A19103F-16F7-4668-BE54-9A1E7A4F7556}") = "Olive.ApiProxy", "Integration\Olive.ApiProxy\Olive.ApiProxy.csproj", "{81877296-65EB-4F57-8B58-6B3982ADF05B}"
EndProject
Project("{2150E333-8FDC-42A3-9474-1A3956D46DE8}") = "Mvc", "Mvc", "{4EE1A9FA-1435-417C-B407-77E652959CE1}"
EndProject
Project("{2150E333-8FDC-42A3-9474-1A3956D46DE8}") = "Integration", "Integration", "{E2BA5BD4-58EF-4031-9203-10FD08B0AE9E}"
EndProject
Project("{9A19103F-16F7-4668-BE54-9A1E7A4F7556}") = "Olive.Email", "Mvc\Olive.Email\Olive.Email.csproj", "{6C81363C-E71F-4999-80A4-AF42FAF69D04}"
EndProject
Project("{FAE04EC0-301F-11D3-BF4B-00C04F79EFBC}") = "PublishToLocalNuget", "Utils\PublishToLocalNuget\PublishToLocalNuget.csproj", "{4E848AF4-85B4-4B47-82FB-C78C337573C9}"
EndProject
Project("{FAE04EC0-301F-11D3-BF4B-00C04F79EFBC}") = "Olive.Audit", "Olive.Audit\Olive.Audit.csproj", "{4F36784E-BBBB-4CE4-A491-8BB1BD0CCB35}"
EndProject
Project("{FAE04EC0-301F-11D3-BF4B-00C04F79EFBC}") = "Olive.Audit.DatabaseLogger", "Olive.Audit.DatabaseLogger\Olive.Audit.DatabaseLogger.csproj", "{CA96897D-00EA-4554-8EE1-06F42939ECA3}"
EndProject
Global
	GlobalSection(SolutionConfigurationPlatforms) = preSolution
		Debug|Any CPU = Debug|Any CPU
		Release|Any CPU = Release|Any CPU
	EndGlobalSection
	GlobalSection(ProjectConfigurationPlatforms) = postSolution
		{EF844D85-7C45-4725-B033-DBC6111C5F7F}.Debug|Any CPU.ActiveCfg = Debug|Any CPU
		{EF844D85-7C45-4725-B033-DBC6111C5F7F}.Debug|Any CPU.Build.0 = Debug|Any CPU
		{EF844D85-7C45-4725-B033-DBC6111C5F7F}.Release|Any CPU.ActiveCfg = Release|Any CPU
		{EF844D85-7C45-4725-B033-DBC6111C5F7F}.Release|Any CPU.Build.0 = Release|Any CPU
		{81D870C8-EA2A-46DA-A936-0D4D520B2C32}.Debug|Any CPU.ActiveCfg = Debug|Any CPU
		{81D870C8-EA2A-46DA-A936-0D4D520B2C32}.Debug|Any CPU.Build.0 = Debug|Any CPU
		{81D870C8-EA2A-46DA-A936-0D4D520B2C32}.Release|Any CPU.ActiveCfg = Release|Any CPU
		{81D870C8-EA2A-46DA-A936-0D4D520B2C32}.Release|Any CPU.Build.0 = Release|Any CPU
		{35B19C59-D221-47AF-AAC6-F9CEB0953FFB}.Debug|Any CPU.ActiveCfg = Debug|Any CPU
		{35B19C59-D221-47AF-AAC6-F9CEB0953FFB}.Debug|Any CPU.Build.0 = Debug|Any CPU
		{35B19C59-D221-47AF-AAC6-F9CEB0953FFB}.Release|Any CPU.ActiveCfg = Release|Any CPU
		{35B19C59-D221-47AF-AAC6-F9CEB0953FFB}.Release|Any CPU.Build.0 = Release|Any CPU
		{EA922ABB-FF72-4C92-B5BE-C4FEAF5AC168}.Debug|Any CPU.ActiveCfg = Debug|Any CPU
		{EA922ABB-FF72-4C92-B5BE-C4FEAF5AC168}.Debug|Any CPU.Build.0 = Debug|Any CPU
		{EA922ABB-FF72-4C92-B5BE-C4FEAF5AC168}.Release|Any CPU.ActiveCfg = Release|Any CPU
		{EA922ABB-FF72-4C92-B5BE-C4FEAF5AC168}.Release|Any CPU.Build.0 = Release|Any CPU
		{AB221943-A14F-4817-BAA6-A6829841EA51}.Debug|Any CPU.ActiveCfg = Debug|Any CPU
		{AB221943-A14F-4817-BAA6-A6829841EA51}.Debug|Any CPU.Build.0 = Debug|Any CPU
		{AB221943-A14F-4817-BAA6-A6829841EA51}.Release|Any CPU.ActiveCfg = Release|Any CPU
		{AB221943-A14F-4817-BAA6-A6829841EA51}.Release|Any CPU.Build.0 = Release|Any CPU
		{50ABA031-EAD6-4554-AC73-8BCA56C637B2}.Debug|Any CPU.ActiveCfg = Debug|Any CPU
		{50ABA031-EAD6-4554-AC73-8BCA56C637B2}.Debug|Any CPU.Build.0 = Debug|Any CPU
		{50ABA031-EAD6-4554-AC73-8BCA56C637B2}.Release|Any CPU.ActiveCfg = Release|Any CPU
		{50ABA031-EAD6-4554-AC73-8BCA56C637B2}.Release|Any CPU.Build.0 = Release|Any CPU
		{E6C2B0FC-8C65-4AD9-A50F-21484D0E9F06}.Debug|Any CPU.ActiveCfg = Debug|Any CPU
		{E6C2B0FC-8C65-4AD9-A50F-21484D0E9F06}.Debug|Any CPU.Build.0 = Debug|Any CPU
		{E6C2B0FC-8C65-4AD9-A50F-21484D0E9F06}.Release|Any CPU.ActiveCfg = Release|Any CPU
		{E6C2B0FC-8C65-4AD9-A50F-21484D0E9F06}.Release|Any CPU.Build.0 = Release|Any CPU
		{253531A7-A460-4D61-9A85-A3E29B33AA94}.Debug|Any CPU.ActiveCfg = Debug|Any CPU
		{253531A7-A460-4D61-9A85-A3E29B33AA94}.Debug|Any CPU.Build.0 = Debug|Any CPU
		{253531A7-A460-4D61-9A85-A3E29B33AA94}.Release|Any CPU.ActiveCfg = Release|Any CPU
		{253531A7-A460-4D61-9A85-A3E29B33AA94}.Release|Any CPU.Build.0 = Release|Any CPU
		{5EE54E7F-07C7-4966-9EFA-5E2252206B77}.Debug|Any CPU.ActiveCfg = Debug|Any CPU
		{5EE54E7F-07C7-4966-9EFA-5E2252206B77}.Debug|Any CPU.Build.0 = Debug|Any CPU
		{5EE54E7F-07C7-4966-9EFA-5E2252206B77}.Release|Any CPU.ActiveCfg = Release|Any CPU
		{5EE54E7F-07C7-4966-9EFA-5E2252206B77}.Release|Any CPU.Build.0 = Release|Any CPU
		{5B7D4B8F-66B2-4A74-A42F-37298CF1878F}.Debug|Any CPU.ActiveCfg = Debug|Any CPU
		{5B7D4B8F-66B2-4A74-A42F-37298CF1878F}.Debug|Any CPU.Build.0 = Debug|Any CPU
		{5B7D4B8F-66B2-4A74-A42F-37298CF1878F}.Release|Any CPU.ActiveCfg = Release|Any CPU
		{5B7D4B8F-66B2-4A74-A42F-37298CF1878F}.Release|Any CPU.Build.0 = Release|Any CPU
		{2CCA47DA-038F-4C63-8E7F-9F4A9296BB44}.Debug|Any CPU.ActiveCfg = Debug|Any CPU
		{2CCA47DA-038F-4C63-8E7F-9F4A9296BB44}.Debug|Any CPU.Build.0 = Debug|Any CPU
		{2CCA47DA-038F-4C63-8E7F-9F4A9296BB44}.Release|Any CPU.ActiveCfg = Release|Any CPU
		{2CCA47DA-038F-4C63-8E7F-9F4A9296BB44}.Release|Any CPU.Build.0 = Release|Any CPU
		{55390C42-F8DE-4089-B079-74E18714236D}.Debug|Any CPU.ActiveCfg = Debug|Any CPU
		{55390C42-F8DE-4089-B079-74E18714236D}.Debug|Any CPU.Build.0 = Debug|Any CPU
		{55390C42-F8DE-4089-B079-74E18714236D}.Release|Any CPU.ActiveCfg = Release|Any CPU
		{55390C42-F8DE-4089-B079-74E18714236D}.Release|Any CPU.Build.0 = Release|Any CPU
		{816FFC81-38E0-442C-8236-742551AC8AFC}.Debug|Any CPU.ActiveCfg = Debug|Any CPU
		{816FFC81-38E0-442C-8236-742551AC8AFC}.Debug|Any CPU.Build.0 = Debug|Any CPU
		{816FFC81-38E0-442C-8236-742551AC8AFC}.Release|Any CPU.ActiveCfg = Release|Any CPU
		{816FFC81-38E0-442C-8236-742551AC8AFC}.Release|Any CPU.Build.0 = Release|Any CPU
		{E66479DB-792B-4A2F-AA03-DEAAB128CE94}.Debug|Any CPU.ActiveCfg = Debug|Any CPU
		{E66479DB-792B-4A2F-AA03-DEAAB128CE94}.Debug|Any CPU.Build.0 = Debug|Any CPU
		{E66479DB-792B-4A2F-AA03-DEAAB128CE94}.Release|Any CPU.ActiveCfg = Release|Any CPU
		{E66479DB-792B-4A2F-AA03-DEAAB128CE94}.Release|Any CPU.Build.0 = Release|Any CPU
		{4C446033-19E3-4D88-B4A2-AE2D5190AF41}.Debug|Any CPU.ActiveCfg = Debug|Any CPU
		{4C446033-19E3-4D88-B4A2-AE2D5190AF41}.Debug|Any CPU.Build.0 = Debug|Any CPU
		{4C446033-19E3-4D88-B4A2-AE2D5190AF41}.Release|Any CPU.ActiveCfg = Release|Any CPU
		{4C446033-19E3-4D88-B4A2-AE2D5190AF41}.Release|Any CPU.Build.0 = Release|Any CPU
		{08ADF968-0FFF-4E3C-88EC-E04E2FA94D13}.Debug|Any CPU.ActiveCfg = Debug|Any CPU
		{08ADF968-0FFF-4E3C-88EC-E04E2FA94D13}.Debug|Any CPU.Build.0 = Debug|Any CPU
		{08ADF968-0FFF-4E3C-88EC-E04E2FA94D13}.Release|Any CPU.ActiveCfg = Release|Any CPU
		{08ADF968-0FFF-4E3C-88EC-E04E2FA94D13}.Release|Any CPU.Build.0 = Release|Any CPU
		{D6CB3117-1CB6-4263-AE89-37483A0379B9}.Debug|Any CPU.ActiveCfg = Debug|Any CPU
		{D6CB3117-1CB6-4263-AE89-37483A0379B9}.Release|Any CPU.ActiveCfg = Release|Any CPU
		{D6CB3117-1CB6-4263-AE89-37483A0379B9}.Release|Any CPU.Build.0 = Release|Any CPU
		{8BE6BB58-FFF0-4057-9027-94CF7B96A0E3}.Debug|Any CPU.ActiveCfg = Debug|Any CPU
		{8BE6BB58-FFF0-4057-9027-94CF7B96A0E3}.Debug|Any CPU.Build.0 = Debug|Any CPU
		{8BE6BB58-FFF0-4057-9027-94CF7B96A0E3}.Release|Any CPU.ActiveCfg = Release|Any CPU
		{8BE6BB58-FFF0-4057-9027-94CF7B96A0E3}.Release|Any CPU.Build.0 = Release|Any CPU
		{8614E659-EA39-4D64-B014-A4ED525EE045}.Debug|Any CPU.ActiveCfg = Debug|Any CPU
		{8614E659-EA39-4D64-B014-A4ED525EE045}.Debug|Any CPU.Build.0 = Debug|Any CPU
		{8614E659-EA39-4D64-B014-A4ED525EE045}.Release|Any CPU.ActiveCfg = Release|Any CPU
		{8614E659-EA39-4D64-B014-A4ED525EE045}.Release|Any CPU.Build.0 = Release|Any CPU
		{33375385-4384-4BBF-9955-B2927FB1AA74}.Debug|Any CPU.ActiveCfg = Debug|Any CPU
		{33375385-4384-4BBF-9955-B2927FB1AA74}.Debug|Any CPU.Build.0 = Debug|Any CPU
		{33375385-4384-4BBF-9955-B2927FB1AA74}.Release|Any CPU.ActiveCfg = Release|Any CPU
		{33375385-4384-4BBF-9955-B2927FB1AA74}.Release|Any CPU.Build.0 = Release|Any CPU
		{FCF09748-CB0C-49EE-AAC2-A1C7BAD14602}.Debug|Any CPU.ActiveCfg = Debug|Any CPU
		{FCF09748-CB0C-49EE-AAC2-A1C7BAD14602}.Debug|Any CPU.Build.0 = Debug|Any CPU
		{FCF09748-CB0C-49EE-AAC2-A1C7BAD14602}.Release|Any CPU.ActiveCfg = Release|Any CPU
		{FCF09748-CB0C-49EE-AAC2-A1C7BAD14602}.Release|Any CPU.Build.0 = Release|Any CPU
		{52AF0D90-E65E-450C-877B-95B831B35694}.Debug|Any CPU.ActiveCfg = Debug|Any CPU
		{52AF0D90-E65E-450C-877B-95B831B35694}.Debug|Any CPU.Build.0 = Debug|Any CPU
		{52AF0D90-E65E-450C-877B-95B831B35694}.Release|Any CPU.ActiveCfg = Release|Any CPU
		{52AF0D90-E65E-450C-877B-95B831B35694}.Release|Any CPU.Build.0 = Release|Any CPU
		{E0D4B0CD-4351-400C-8952-11C2F1318C6F}.Debug|Any CPU.ActiveCfg = Debug|Any CPU
		{E0D4B0CD-4351-400C-8952-11C2F1318C6F}.Debug|Any CPU.Build.0 = Debug|Any CPU
		{E0D4B0CD-4351-400C-8952-11C2F1318C6F}.Release|Any CPU.ActiveCfg = Debug|Any CPU
		{E0D4B0CD-4351-400C-8952-11C2F1318C6F}.Release|Any CPU.Build.0 = Debug|Any CPU
		{EE70F844-B284-42D1-8565-45B153727A1B}.Debug|Any CPU.ActiveCfg = Debug|Any CPU
		{EE70F844-B284-42D1-8565-45B153727A1B}.Debug|Any CPU.Build.0 = Debug|Any CPU
		{EE70F844-B284-42D1-8565-45B153727A1B}.Release|Any CPU.ActiveCfg = Release|Any CPU
		{EE70F844-B284-42D1-8565-45B153727A1B}.Release|Any CPU.Build.0 = Release|Any CPU
		{7FF67EEC-A5F7-46C3-BE96-0CF1A76706B6}.Debug|Any CPU.ActiveCfg = Debug|Any CPU
		{7FF67EEC-A5F7-46C3-BE96-0CF1A76706B6}.Debug|Any CPU.Build.0 = Debug|Any CPU
		{7FF67EEC-A5F7-46C3-BE96-0CF1A76706B6}.Release|Any CPU.ActiveCfg = Release|Any CPU
		{7FF67EEC-A5F7-46C3-BE96-0CF1A76706B6}.Release|Any CPU.Build.0 = Release|Any CPU
		{2A273AE2-5D6A-491A-809B-71764F35281E}.Debug|Any CPU.ActiveCfg = Debug|Any CPU
		{2A273AE2-5D6A-491A-809B-71764F35281E}.Debug|Any CPU.Build.0 = Debug|Any CPU
		{2A273AE2-5D6A-491A-809B-71764F35281E}.Release|Any CPU.ActiveCfg = Release|Any CPU
		{2A273AE2-5D6A-491A-809B-71764F35281E}.Release|Any CPU.Build.0 = Release|Any CPU
		{0019E42E-F830-439C-9911-DF36142BACB0}.Debug|Any CPU.ActiveCfg = Debug|Any CPU
		{0019E42E-F830-439C-9911-DF36142BACB0}.Debug|Any CPU.Build.0 = Debug|Any CPU
		{0019E42E-F830-439C-9911-DF36142BACB0}.Release|Any CPU.ActiveCfg = Release|Any CPU
		{0019E42E-F830-439C-9911-DF36142BACB0}.Release|Any CPU.Build.0 = Release|Any CPU
		{3CFA0862-652F-493B-B06F-6873A0B52271}.Debug|Any CPU.ActiveCfg = Debug|Any CPU
		{3CFA0862-652F-493B-B06F-6873A0B52271}.Debug|Any CPU.Build.0 = Debug|Any CPU
		{3CFA0862-652F-493B-B06F-6873A0B52271}.Release|Any CPU.ActiveCfg = Release|Any CPU
		{3CFA0862-652F-493B-B06F-6873A0B52271}.Release|Any CPU.Build.0 = Release|Any CPU
		{77A2DD2F-8249-4140-B9D4-7F80FECAB405}.Debug|Any CPU.ActiveCfg = Debug|Any CPU
		{77A2DD2F-8249-4140-B9D4-7F80FECAB405}.Debug|Any CPU.Build.0 = Debug|Any CPU
		{77A2DD2F-8249-4140-B9D4-7F80FECAB405}.Release|Any CPU.ActiveCfg = Release|Any CPU
		{77A2DD2F-8249-4140-B9D4-7F80FECAB405}.Release|Any CPU.Build.0 = Release|Any CPU
		{6D544D10-9E8B-47E8-AB51-D6F504B1F5EF}.Debug|Any CPU.ActiveCfg = Debug|Any CPU
		{6D544D10-9E8B-47E8-AB51-D6F504B1F5EF}.Debug|Any CPU.Build.0 = Debug|Any CPU
		{6D544D10-9E8B-47E8-AB51-D6F504B1F5EF}.Release|Any CPU.ActiveCfg = Release|Any CPU
		{6D544D10-9E8B-47E8-AB51-D6F504B1F5EF}.Release|Any CPU.Build.0 = Release|Any CPU
		{CCBC2FEF-CA70-4C2D-A9D9-C0566FDD38E1}.Debug|Any CPU.ActiveCfg = Debug|Any CPU
		{CCBC2FEF-CA70-4C2D-A9D9-C0566FDD38E1}.Debug|Any CPU.Build.0 = Debug|Any CPU
		{CCBC2FEF-CA70-4C2D-A9D9-C0566FDD38E1}.Release|Any CPU.ActiveCfg = Release|Any CPU
		{CCBC2FEF-CA70-4C2D-A9D9-C0566FDD38E1}.Release|Any CPU.Build.0 = Release|Any CPU
		{81877296-65EB-4F57-8B58-6B3982ADF05B}.Debug|Any CPU.ActiveCfg = Debug|Any CPU
		{81877296-65EB-4F57-8B58-6B3982ADF05B}.Debug|Any CPU.Build.0 = Debug|Any CPU
		{81877296-65EB-4F57-8B58-6B3982ADF05B}.Release|Any CPU.ActiveCfg = Release|Any CPU
		{81877296-65EB-4F57-8B58-6B3982ADF05B}.Release|Any CPU.Build.0 = Release|Any CPU
		{6C81363C-E71F-4999-80A4-AF42FAF69D04}.Debug|Any CPU.ActiveCfg = Debug|Any CPU
		{6C81363C-E71F-4999-80A4-AF42FAF69D04}.Debug|Any CPU.Build.0 = Debug|Any CPU
		{6C81363C-E71F-4999-80A4-AF42FAF69D04}.Release|Any CPU.ActiveCfg = Release|Any CPU
		{6C81363C-E71F-4999-80A4-AF42FAF69D04}.Release|Any CPU.Build.0 = Release|Any CPU
		{4E848AF4-85B4-4B47-82FB-C78C337573C9}.Debug|Any CPU.ActiveCfg = Debug|Any CPU
		{4E848AF4-85B4-4B47-82FB-C78C337573C9}.Debug|Any CPU.Build.0 = Debug|Any CPU
		{4E848AF4-85B4-4B47-82FB-C78C337573C9}.Release|Any CPU.ActiveCfg = Release|Any CPU
		{4E848AF4-85B4-4B47-82FB-C78C337573C9}.Release|Any CPU.Build.0 = Release|Any CPU
		{4F36784E-BBBB-4CE4-A491-8BB1BD0CCB35}.Debug|Any CPU.ActiveCfg = Debug|Any CPU
		{4F36784E-BBBB-4CE4-A491-8BB1BD0CCB35}.Debug|Any CPU.Build.0 = Debug|Any CPU
		{4F36784E-BBBB-4CE4-A491-8BB1BD0CCB35}.Release|Any CPU.ActiveCfg = Release|Any CPU
		{4F36784E-BBBB-4CE4-A491-8BB1BD0CCB35}.Release|Any CPU.Build.0 = Release|Any CPU
		{CA96897D-00EA-4554-8EE1-06F42939ECA3}.Debug|Any CPU.ActiveCfg = Debug|Any CPU
		{CA96897D-00EA-4554-8EE1-06F42939ECA3}.Debug|Any CPU.Build.0 = Debug|Any CPU
		{CA96897D-00EA-4554-8EE1-06F42939ECA3}.Release|Any CPU.ActiveCfg = Release|Any CPU
		{CA96897D-00EA-4554-8EE1-06F42939ECA3}.Release|Any CPU.Build.0 = Release|Any CPU
	EndGlobalSection
	GlobalSection(SolutionProperties) = preSolution
		HideSolutionNode = FALSE
	EndGlobalSection
	GlobalSection(NestedProjects) = preSolution
		{EA922ABB-FF72-4C92-B5BE-C4FEAF5AC168} = {4EE1A9FA-1435-417C-B407-77E652959CE1}
		{AB221943-A14F-4817-BAA6-A6829841EA51} = {943E7871-2EEA-4C97-857B-16443CB240E6}
		{50ABA031-EAD6-4554-AC73-8BCA56C637B2} = {943E7871-2EEA-4C97-857B-16443CB240E6}
		{E6C2B0FC-8C65-4AD9-A50F-21484D0E9F06} = {943E7871-2EEA-4C97-857B-16443CB240E6}
		{253531A7-A460-4D61-9A85-A3E29B33AA94} = {943E7871-2EEA-4C97-857B-16443CB240E6}
		{5EE54E7F-07C7-4966-9EFA-5E2252206B77} = {4EE1A9FA-1435-417C-B407-77E652959CE1}
		{5B7D4B8F-66B2-4A74-A42F-37298CF1878F} = {943E7871-2EEA-4C97-857B-16443CB240E6}
		{2CCA47DA-038F-4C63-8E7F-9F4A9296BB44} = {943E7871-2EEA-4C97-857B-16443CB240E6}
		{55390C42-F8DE-4089-B079-74E18714236D} = {943E7871-2EEA-4C97-857B-16443CB240E6}
		{816FFC81-38E0-442C-8236-742551AC8AFC} = {4EE1A9FA-1435-417C-B407-77E652959CE1}
		{E66479DB-792B-4A2F-AA03-DEAAB128CE94} = {4EE1A9FA-1435-417C-B407-77E652959CE1}
		{4C446033-19E3-4D88-B4A2-AE2D5190AF41} = {4EE1A9FA-1435-417C-B407-77E652959CE1}
		{08ADF968-0FFF-4E3C-88EC-E04E2FA94D13} = {4EE1A9FA-1435-417C-B407-77E652959CE1}
		{D6CB3117-1CB6-4263-AE89-37483A0379B9} = {E51A8EF6-624C-45C9-AC5C-6DE92BF1825D}
		{FCF09748-CB0C-49EE-AAC2-A1C7BAD14602} = {E51A8EF6-624C-45C9-AC5C-6DE92BF1825D}
		{52AF0D90-E65E-450C-877B-95B831B35694} = {943E7871-2EEA-4C97-857B-16443CB240E6}
		{7FF67EEC-A5F7-46C3-BE96-0CF1A76706B6} = {943E7871-2EEA-4C97-857B-16443CB240E6}
		{2A273AE2-5D6A-491A-809B-71764F35281E} = {4EE1A9FA-1435-417C-B407-77E652959CE1}
		{0019E42E-F830-439C-9911-DF36142BACB0} = {4EE1A9FA-1435-417C-B407-77E652959CE1}
		{3CFA0862-652F-493B-B06F-6873A0B52271} = {E2BA5BD4-58EF-4031-9203-10FD08B0AE9E}
		{77A2DD2F-8249-4140-B9D4-7F80FECAB405} = {4EE1A9FA-1435-417C-B407-77E652959CE1}
		{6D544D10-9E8B-47E8-AB51-D6F504B1F5EF} = {E2BA5BD4-58EF-4031-9203-10FD08B0AE9E}
		{CCBC2FEF-CA70-4C2D-A9D9-C0566FDD38E1} = {4EE1A9FA-1435-417C-B407-77E652959CE1}
		{81877296-65EB-4F57-8B58-6B3982ADF05B} = {E2BA5BD4-58EF-4031-9203-10FD08B0AE9E}
		{6C81363C-E71F-4999-80A4-AF42FAF69D04} = {4EE1A9FA-1435-417C-B407-77E652959CE1}
		{4E848AF4-85B4-4B47-82FB-C78C337573C9} = {E51A8EF6-624C-45C9-AC5C-6DE92BF1825D}
	EndGlobalSection
	GlobalSection(ExtensibilityGlobals) = postSolution
		SolutionGuid = {B8459027-6FAF-42E6-B8A8-4887D7730704}
	EndGlobalSection
EndGlobal
